// !$*UTF8*$!
{
	archiveVersion = 1;
	classes = {
	};
	objectVersion = 56;
	objects = {

/* Begin PBXBuildFile section */
		6A279DE9292BD800000EA69D /* Furniture+CoreData.swift in Sources */ = {isa = PBXBuildFile; fileRef = 6A279DE8292BD800000EA69D /* Furniture+CoreData.swift */; };
		6A279DED292BD824000EA69D /* Furniture+CoreDataProperties.swift in Sources */ = {isa = PBXBuildFile; fileRef = 6A279DEA292BD824000EA69D /* Furniture+CoreDataProperties.swift */; };
		6A279DEE292BD824000EA69D /* Listing+CoreDataProperties.swift in Sources */ = {isa = PBXBuildFile; fileRef = 6A279DEB292BD824000EA69D /* Listing+CoreDataProperties.swift */; };
		6A279DEF292BD824000EA69D /* Listing+CoreData.swift in Sources */ = {isa = PBXBuildFile; fileRef = 6A279DEC292BD824000EA69D /* Listing+CoreData.swift */; };
		6A279DF1292BD840000EA69D /* Listings.swift in Sources */ = {isa = PBXBuildFile; fileRef = 6A279DF0292BD840000EA69D /* Listings.swift */; };
		6A279DF3292BD867000EA69D /* Persistence.swift in Sources */ = {isa = PBXBuildFile; fileRef = 6A279DF2292BD867000EA69D /* Persistence.swift */; };
		6A279DF6292BD878000EA69D /* DecAR.xcdatamodeld in Sources */ = {isa = PBXBuildFile; fileRef = 6A279DF4292BD878000EA69D /* DecAR.xcdatamodeld */; };
		6A279DF9292E8738000EA69D /* FurnitureCollection.swift in Sources */ = {isa = PBXBuildFile; fileRef = 6A279DF8292E8738000EA69D /* FurnitureCollection.swift */; };
		6A279DFB292E8A02000EA69D /* Category+CoreData.swift in Sources */ = {isa = PBXBuildFile; fileRef = 6A279DFA292E8A02000EA69D /* Category+CoreData.swift */; };
		6A279DFD292E8A28000EA69D /* Category+CoreDataProperties.swift in Sources */ = {isa = PBXBuildFile; fileRef = 6A279DFC292E8A28000EA69D /* Category+CoreDataProperties.swift */; };
		6A4397AF292516810000D1B7 /* AppDelegate.swift in Sources */ = {isa = PBXBuildFile; fileRef = 6A4397AE292516810000D1B7 /* AppDelegate.swift */; };
		6A4397B1292516810000D1B7 /* ContentView.swift in Sources */ = {isa = PBXBuildFile; fileRef = 6A4397B0292516810000D1B7 /* ContentView.swift */; };
		6A4397B5292516860000D1B7 /* Assets.xcassets in Resources */ = {isa = PBXBuildFile; fileRef = 6A4397B4292516860000D1B7 /* Assets.xcassets */; };
		6A4397B8292516860000D1B7 /* Preview Assets.xcassets in Resources */ = {isa = PBXBuildFile; fileRef = 6A4397B7292516860000D1B7 /* Preview Assets.xcassets */; };
		6A4397C2292516860000D1B7 /* DecARTests.swift in Sources */ = {isa = PBXBuildFile; fileRef = 6A4397C1292516860000D1B7 /* DecARTests.swift */; };
		6A4397CC292516860000D1B7 /* DecARUITests.swift in Sources */ = {isa = PBXBuildFile; fileRef = 6A4397CB292516860000D1B7 /* DecARUITests.swift */; };
		6A4397CE292516860000D1B7 /* DecARUITestsLaunchTests.swift in Sources */ = {isa = PBXBuildFile; fileRef = 6A4397CD292516860000D1B7 /* DecARUITestsLaunchTests.swift */; };
		6A63C7DA292541EB009BE389 /* chair_swan.usdz in Resources */ = {isa = PBXBuildFile; fileRef = 6A63C7D9292541EB009BE389 /* chair_swan.usdz */; };
		6AA58C402928E39100304FD9 /* Menu.swift in Sources */ = {isa = PBXBuildFile; fileRef = 6AA58C3F2928E39100304FD9 /* Menu.swift */; };
		6AA58C42292E530B00304FD9 /* Settings.swift in Sources */ = {isa = PBXBuildFile; fileRef = 6AA58C41292E530B00304FD9 /* Settings.swift */; };
		6AE38A79292CC2A900F96075 /* FurnitureMenu.swift in Sources */ = {isa = PBXBuildFile; fileRef = 6AE38A78292CC2A900F96075 /* FurnitureMenu.swift */; };
/* End PBXBuildFile section */

/* Begin PBXContainerItemProxy section */
		6A4397BE292516860000D1B7 /* PBXContainerItemProxy */ = {
			isa = PBXContainerItemProxy;
			containerPortal = 6A4397A3292516810000D1B7 /* Project object */;
			proxyType = 1;
			remoteGlobalIDString = 6A4397AA292516810000D1B7;
			remoteInfo = DecAR;
		};
		6A4397C8292516860000D1B7 /* PBXContainerItemProxy */ = {
			isa = PBXContainerItemProxy;
			containerPortal = 6A4397A3292516810000D1B7 /* Project object */;
			proxyType = 1;
			remoteGlobalIDString = 6A4397AA292516810000D1B7;
			remoteInfo = DecAR;
		};
/* End PBXContainerItemProxy section */

/* Begin PBXFileReference section */
		6A279DE8292BD800000EA69D /* Furniture+CoreData.swift */ = {isa = PBXFileReference; fileEncoding = 4; lastKnownFileType = sourcecode.swift; name = "Furniture+CoreData.swift"; path = "CoreData/Furniture+CoreData.swift"; sourceTree = SOURCE_ROOT; };
		6A279DEA292BD824000EA69D /* Furniture+CoreDataProperties.swift */ = {isa = PBXFileReference; fileEncoding = 4; lastKnownFileType = sourcecode.swift; path = "Furniture+CoreDataProperties.swift"; sourceTree = "<group>"; };
		6A279DEB292BD824000EA69D /* Listing+CoreDataProperties.swift */ = {isa = PBXFileReference; fileEncoding = 4; lastKnownFileType = sourcecode.swift; path = "Listing+CoreDataProperties.swift"; sourceTree = "<group>"; };
		6A279DEC292BD824000EA69D /* Listing+CoreData.swift */ = {isa = PBXFileReference; fileEncoding = 4; lastKnownFileType = sourcecode.swift; path = "Listing+CoreData.swift"; sourceTree = "<group>"; };
		6A279DF0292BD840000EA69D /* Listings.swift */ = {isa = PBXFileReference; fileEncoding = 4; lastKnownFileType = sourcecode.swift; path = Listings.swift; sourceTree = "<group>"; };
		6A279DF2292BD867000EA69D /* Persistence.swift */ = {isa = PBXFileReference; fileEncoding = 4; lastKnownFileType = sourcecode.swift; path = Persistence.swift; sourceTree = "<group>"; };
		6A279DF5292BD878000EA69D /* DecAR.xcdatamodel */ = {isa = PBXFileReference; lastKnownFileType = wrapper.xcdatamodel; path = DecAR.xcdatamodel; sourceTree = "<group>"; };
		6A279DF8292E8738000EA69D /* FurnitureCollection.swift */ = {isa = PBXFileReference; lastKnownFileType = sourcecode.swift; path = FurnitureCollection.swift; sourceTree = "<group>"; };
		6A279DFA292E8A02000EA69D /* Category+CoreData.swift */ = {isa = PBXFileReference; lastKnownFileType = sourcecode.swift; path = "Category+CoreData.swift"; sourceTree = "<group>"; };
		6A279DFC292E8A28000EA69D /* Category+CoreDataProperties.swift */ = {isa = PBXFileReference; lastKnownFileType = sourcecode.swift; path = "Category+CoreDataProperties.swift"; sourceTree = "<group>"; };
		6A4397AB292516810000D1B7 /* DecAR.app */ = {isa = PBXFileReference; explicitFileType = wrapper.application; includeInIndex = 0; path = DecAR.app; sourceTree = BUILT_PRODUCTS_DIR; };
		6A4397AE292516810000D1B7 /* AppDelegate.swift */ = {isa = PBXFileReference; lastKnownFileType = sourcecode.swift; path = AppDelegate.swift; sourceTree = "<group>"; };
		6A4397B0292516810000D1B7 /* ContentView.swift */ = {isa = PBXFileReference; lastKnownFileType = sourcecode.swift; path = ContentView.swift; sourceTree = "<group>"; };
		6A4397B4292516860000D1B7 /* Assets.xcassets */ = {isa = PBXFileReference; lastKnownFileType = folder.assetcatalog; path = Assets.xcassets; sourceTree = "<group>"; };
		6A4397B7292516860000D1B7 /* Preview Assets.xcassets */ = {isa = PBXFileReference; lastKnownFileType = folder.assetcatalog; path = "Preview Assets.xcassets"; sourceTree = "<group>"; };
		6A4397BD292516860000D1B7 /* DecARTests.xctest */ = {isa = PBXFileReference; explicitFileType = wrapper.cfbundle; includeInIndex = 0; path = DecARTests.xctest; sourceTree = BUILT_PRODUCTS_DIR; };
		6A4397C1292516860000D1B7 /* DecARTests.swift */ = {isa = PBXFileReference; lastKnownFileType = sourcecode.swift; path = DecARTests.swift; sourceTree = "<group>"; };
		6A4397C7292516860000D1B7 /* DecARUITests.xctest */ = {isa = PBXFileReference; explicitFileType = wrapper.cfbundle; includeInIndex = 0; path = DecARUITests.xctest; sourceTree = BUILT_PRODUCTS_DIR; };
		6A4397CB292516860000D1B7 /* DecARUITests.swift */ = {isa = PBXFileReference; lastKnownFileType = sourcecode.swift; path = DecARUITests.swift; sourceTree = "<group>"; };
		6A4397CD292516860000D1B7 /* DecARUITestsLaunchTests.swift */ = {isa = PBXFileReference; lastKnownFileType = sourcecode.swift; path = DecARUITestsLaunchTests.swift; sourceTree = "<group>"; };
		6A63C7D9292541EB009BE389 /* chair_swan.usdz */ = {isa = PBXFileReference; lastKnownFileType = file.usdz; path = chair_swan.usdz; sourceTree = "<group>"; };
		6AA58C3F2928E39100304FD9 /* Menu.swift */ = {isa = PBXFileReference; lastKnownFileType = sourcecode.swift; path = Menu.swift; sourceTree = "<group>"; };
		6AA58C41292E530B00304FD9 /* Settings.swift */ = {isa = PBXFileReference; lastKnownFileType = sourcecode.swift; path = Settings.swift; sourceTree = "<group>"; };
		6AE38A78292CC2A900F96075 /* FurnitureMenu.swift */ = {isa = PBXFileReference; fileEncoding = 4; lastKnownFileType = sourcecode.swift; path = FurnitureMenu.swift; sourceTree = "<group>"; };
/* End PBXFileReference section */

/* Begin PBXFrameworksBuildPhase section */
		6A4397A8292516810000D1B7 /* Frameworks */ = {
			isa = PBXFrameworksBuildPhase;
			buildActionMask = 2147483647;
			files = (
			);
			runOnlyForDeploymentPostprocessing = 0;
		};
		6A4397BA292516860000D1B7 /* Frameworks */ = {
			isa = PBXFrameworksBuildPhase;
			buildActionMask = 2147483647;
			files = (
			);
			runOnlyForDeploymentPostprocessing = 0;
		};
		6A4397C4292516860000D1B7 /* Frameworks */ = {
			isa = PBXFrameworksBuildPhase;
			buildActionMask = 2147483647;
			files = (
			);
			runOnlyForDeploymentPostprocessing = 0;
		};
/* End PBXFrameworksBuildPhase section */

/* Begin PBXGroup section */
		6A1AED5B292AB15B00CEC003 /* Views */ = {
			isa = PBXGroup;
			children = (
				6A279DF0292BD840000EA69D /* Listings.swift */,
				6A279DF8292E8738000EA69D /* FurnitureCollection.swift */,
			);
			path = Views;
			sourceTree = "<group>";
		};
		6A279DF7292E86CA000EA69D /* CoreData */ = {
			isa = PBXGroup;
			children = (
				6A279DE8292BD800000EA69D /* Furniture+CoreData.swift */,
				6A279DEB292BD824000EA69D /* Listing+CoreDataProperties.swift */,
				6A279DEC292BD824000EA69D /* Listing+CoreData.swift */,
				6A279DEA292BD824000EA69D /* Furniture+CoreDataProperties.swift */,
				6A279DFA292E8A02000EA69D /* Category+CoreData.swift */,
				6A279DFC292E8A28000EA69D /* Category+CoreDataProperties.swift */,
			);
			path = CoreData;
			sourceTree = "<group>";
		};
		6A4397A2292516810000D1B7 = {
			isa = PBXGroup;
			children = (
				6A4397AD292516810000D1B7 /* DecAR */,
				6A4397C0292516860000D1B7 /* DecARTests */,
				6A4397CA292516860000D1B7 /* DecARUITests */,
				6A4397AC292516810000D1B7 /* Products */,
			);
			sourceTree = "<group>";
		};
		6A4397AC292516810000D1B7 /* Products */ = {
			isa = PBXGroup;
			children = (
				6A4397AB292516810000D1B7 /* DecAR.app */,
				6A4397BD292516860000D1B7 /* DecARTests.xctest */,
				6A4397C7292516860000D1B7 /* DecARUITests.xctest */,
			);
			name = Products;
			sourceTree = "<group>";
		};
		6A4397AD292516810000D1B7 /* DecAR */ = {
			isa = PBXGroup;
			children = (
				6A279DF7292E86CA000EA69D /* CoreData */,
				6A279DF4292BD878000EA69D /* DecAR.xcdatamodeld */,
				6A279DF2292BD867000EA69D /* Persistence.swift */,
				6A1AED5B292AB15B00CEC003 /* Views */,
				6A4397AE292516810000D1B7 /* AppDelegate.swift */,
				6A4397B0292516810000D1B7 /* ContentView.swift */,
				6ADBC67829296C020031AF85 /* Models */,
				6A63C7D629254126009BE389 /* 3dModels */,
				6A4397B4292516860000D1B7 /* Assets.xcassets */,
				6A4397B6292516860000D1B7 /* Preview Content */,
			);
			path = DecAR;
			sourceTree = "<group>";
		};
		6A4397B6292516860000D1B7 /* Preview Content */ = {
			isa = PBXGroup;
			children = (
				6A4397B7292516860000D1B7 /* Preview Assets.xcassets */,
			);
			path = "Preview Content";
			sourceTree = "<group>";
		};
		6A4397C0292516860000D1B7 /* DecARTests */ = {
			isa = PBXGroup;
			children = (
				6A4397C1292516860000D1B7 /* DecARTests.swift */,
			);
			path = DecARTests;
			sourceTree = "<group>";
		};
		6A4397CA292516860000D1B7 /* DecARUITests */ = {
			isa = PBXGroup;
			children = (
				6A4397CB292516860000D1B7 /* DecARUITests.swift */,
				6A4397CD292516860000D1B7 /* DecARUITestsLaunchTests.swift */,
			);
			path = DecARUITests;
			sourceTree = "<group>";
		};
		6A63C7D629254126009BE389 /* 3dModels */ = {
			isa = PBXGroup;
			children = (
				6A63C7D9292541EB009BE389 /* chair_swan.usdz */,
			);
			path = 3dModels;
			sourceTree = "<group>";
		};
		6ADBC67829296C020031AF85 /* Models */ = {
			isa = PBXGroup;
			children = (
				6AE38A78292CC2A900F96075 /* FurnitureMenu.swift */,
				6AA58C3F2928E39100304FD9 /* Menu.swift */,
				6AA58C41292E530B00304FD9 /* Settings.swift */,
			);
			path = Models;
			sourceTree = "<group>";
		};
/* End PBXGroup section */

/* Begin PBXNativeTarget section */
		6A4397AA292516810000D1B7 /* DecAR */ = {
			isa = PBXNativeTarget;
			buildConfigurationList = 6A4397D1292516860000D1B7 /* Build configuration list for PBXNativeTarget "DecAR" */;
			buildPhases = (
				6A4397A7292516810000D1B7 /* Sources */,
				6A4397A8292516810000D1B7 /* Frameworks */,
				6A4397A9292516810000D1B7 /* Resources */,
			);
			buildRules = (
			);
			dependencies = (
			);
			name = DecAR;
			productName = DecAR;
			productReference = 6A4397AB292516810000D1B7 /* DecAR.app */;
			productType = "com.apple.product-type.application";
		};
		6A4397BC292516860000D1B7 /* DecARTests */ = {
			isa = PBXNativeTarget;
			buildConfigurationList = 6A4397D4292516860000D1B7 /* Build configuration list for PBXNativeTarget "DecARTests" */;
			buildPhases = (
				6A4397B9292516860000D1B7 /* Sources */,
				6A4397BA292516860000D1B7 /* Frameworks */,
				6A4397BB292516860000D1B7 /* Resources */,
			);
			buildRules = (
			);
			dependencies = (
				6A4397BF292516860000D1B7 /* PBXTargetDependency */,
			);
			name = DecARTests;
			productName = DecARTests;
			productReference = 6A4397BD292516860000D1B7 /* DecARTests.xctest */;
			productType = "com.apple.product-type.bundle.unit-test";
		};
		6A4397C6292516860000D1B7 /* DecARUITests */ = {
			isa = PBXNativeTarget;
			buildConfigurationList = 6A4397D7292516860000D1B7 /* Build configuration list for PBXNativeTarget "DecARUITests" */;
			buildPhases = (
				6A4397C3292516860000D1B7 /* Sources */,
				6A4397C4292516860000D1B7 /* Frameworks */,
				6A4397C5292516860000D1B7 /* Resources */,
			);
			buildRules = (
			);
			dependencies = (
				6A4397C9292516860000D1B7 /* PBXTargetDependency */,
			);
			name = DecARUITests;
			productName = DecARUITests;
			productReference = 6A4397C7292516860000D1B7 /* DecARUITests.xctest */;
			productType = "com.apple.product-type.bundle.ui-testing";
		};
/* End PBXNativeTarget section */

/* Begin PBXProject section */
		6A4397A3292516810000D1B7 /* Project object */ = {
			isa = PBXProject;
			attributes = {
				BuildIndependentTargetsInParallel = 1;
				LastSwiftUpdateCheck = 1400;
				LastUpgradeCheck = 1400;
				TargetAttributes = {
					6A4397AA292516810000D1B7 = {
						CreatedOnToolsVersion = 14.0.1;
					};
					6A4397BC292516860000D1B7 = {
						CreatedOnToolsVersion = 14.0.1;
						TestTargetID = 6A4397AA292516810000D1B7;
					};
					6A4397C6292516860000D1B7 = {
						CreatedOnToolsVersion = 14.0.1;
						TestTargetID = 6A4397AA292516810000D1B7;
					};
				};
			};
			buildConfigurationList = 6A4397A6292516810000D1B7 /* Build configuration list for PBXProject "DecAR" */;
			compatibilityVersion = "Xcode 14.0";
			developmentRegion = en;
			hasScannedForEncodings = 0;
			knownRegions = (
				en,
				Base,
			);
			mainGroup = 6A4397A2292516810000D1B7;
			productRefGroup = 6A4397AC292516810000D1B7 /* Products */;
			projectDirPath = "";
			projectRoot = "";
			targets = (
				6A4397AA292516810000D1B7 /* DecAR */,
				6A4397BC292516860000D1B7 /* DecARTests */,
				6A4397C6292516860000D1B7 /* DecARUITests */,
			);
		};
/* End PBXProject section */

/* Begin PBXResourcesBuildPhase section */
		6A4397A9292516810000D1B7 /* Resources */ = {
			isa = PBXResourcesBuildPhase;
			buildActionMask = 2147483647;
			files = (
				6A63C7DA292541EB009BE389 /* chair_swan.usdz in Resources */,
				6A4397B8292516860000D1B7 /* Preview Assets.xcassets in Resources */,
				6A4397B5292516860000D1B7 /* Assets.xcassets in Resources */,
			);
			runOnlyForDeploymentPostprocessing = 0;
		};
		6A4397BB292516860000D1B7 /* Resources */ = {
			isa = PBXResourcesBuildPhase;
			buildActionMask = 2147483647;
			files = (
			);
			runOnlyForDeploymentPostprocessing = 0;
		};
		6A4397C5292516860000D1B7 /* Resources */ = {
			isa = PBXResourcesBuildPhase;
			buildActionMask = 2147483647;
			files = (
			);
			runOnlyForDeploymentPostprocessing = 0;
		};
/* End PBXResourcesBuildPhase section */

/* Begin PBXSourcesBuildPhase section */
		6A4397A7292516810000D1B7 /* Sources */ = {
			isa = PBXSourcesBuildPhase;
			buildActionMask = 2147483647;
			files = (
				6A279DFB292E8A02000EA69D /* Category+CoreData.swift in Sources */,
				6A4397B1292516810000D1B7 /* ContentView.swift in Sources */,
				6A279DF1292BD840000EA69D /* Listings.swift in Sources */,
				6AA58C42292E530B00304FD9 /* Settings.swift in Sources */,
				6A279DEF292BD824000EA69D /* Listing+CoreData.swift in Sources */,
				6A279DE9292BD800000EA69D /* Furniture+CoreData.swift in Sources */,
				6A279DF9292E8738000EA69D /* FurnitureCollection.swift in Sources */,
				6A279DFD292E8A28000EA69D /* Category+CoreDataProperties.swift in Sources */,
				6AA58C402928E39100304FD9 /* Menu.swift in Sources */,
				6A279DED292BD824000EA69D /* Furniture+CoreDataProperties.swift in Sources */,
				6AE38A79292CC2A900F96075 /* FurnitureMenu.swift in Sources */,
				6A279DEE292BD824000EA69D /* Listing+CoreDataProperties.swift in Sources */,
				6A4397AF292516810000D1B7 /* AppDelegate.swift in Sources */,
				6A279DF6292BD878000EA69D /* DecAR.xcdatamodeld in Sources */,
				6A279DF3292BD867000EA69D /* Persistence.swift in Sources */,
			);
			runOnlyForDeploymentPostprocessing = 0;
		};
		6A4397B9292516860000D1B7 /* Sources */ = {
			isa = PBXSourcesBuildPhase;
			buildActionMask = 2147483647;
			files = (
				6A4397C2292516860000D1B7 /* DecARTests.swift in Sources */,
			);
			runOnlyForDeploymentPostprocessing = 0;
		};
		6A4397C3292516860000D1B7 /* Sources */ = {
			isa = PBXSourcesBuildPhase;
			buildActionMask = 2147483647;
			files = (
				6A4397CE292516860000D1B7 /* DecARUITestsLaunchTests.swift in Sources */,
				6A4397CC292516860000D1B7 /* DecARUITests.swift in Sources */,
			);
			runOnlyForDeploymentPostprocessing = 0;
		};
/* End PBXSourcesBuildPhase section */

/* Begin PBXTargetDependency section */
		6A4397BF292516860000D1B7 /* PBXTargetDependency */ = {
			isa = PBXTargetDependency;
			target = 6A4397AA292516810000D1B7 /* DecAR */;
			targetProxy = 6A4397BE292516860000D1B7 /* PBXContainerItemProxy */;
		};
		6A4397C9292516860000D1B7 /* PBXTargetDependency */ = {
			isa = PBXTargetDependency;
			target = 6A4397AA292516810000D1B7 /* DecAR */;
			targetProxy = 6A4397C8292516860000D1B7 /* PBXContainerItemProxy */;
		};
/* End PBXTargetDependency section */

/* Begin XCBuildConfiguration section */
		6A4397CF292516860000D1B7 /* Debug */ = {
			isa = XCBuildConfiguration;
			buildSettings = {
				ALWAYS_SEARCH_USER_PATHS = NO;
				CLANG_ANALYZER_NONNULL = YES;
				CLANG_ANALYZER_NUMBER_OBJECT_CONVERSION = YES_AGGRESSIVE;
				CLANG_CXX_LANGUAGE_STANDARD = "gnu++20";
				CLANG_ENABLE_MODULES = YES;
				CLANG_ENABLE_OBJC_ARC = YES;
				CLANG_ENABLE_OBJC_WEAK = YES;
				CLANG_WARN_BLOCK_CAPTURE_AUTORELEASING = YES;
				CLANG_WARN_BOOL_CONVERSION = YES;
				CLANG_WARN_COMMA = YES;
				CLANG_WARN_CONSTANT_CONVERSION = YES;
				CLANG_WARN_DEPRECATED_OBJC_IMPLEMENTATIONS = YES;
				CLANG_WARN_DIRECT_OBJC_ISA_USAGE = YES_ERROR;
				CLANG_WARN_DOCUMENTATION_COMMENTS = YES;
				CLANG_WARN_EMPTY_BODY = YES;
				CLANG_WARN_ENUM_CONVERSION = YES;
				CLANG_WARN_INFINITE_RECURSION = YES;
				CLANG_WARN_INT_CONVERSION = YES;
				CLANG_WARN_NON_LITERAL_NULL_CONVERSION = YES;
				CLANG_WARN_OBJC_IMPLICIT_RETAIN_SELF = YES;
				CLANG_WARN_OBJC_LITERAL_CONVERSION = YES;
				CLANG_WARN_OBJC_ROOT_CLASS = YES_ERROR;
				CLANG_WARN_QUOTED_INCLUDE_IN_FRAMEWORK_HEADER = YES;
				CLANG_WARN_RANGE_LOOP_ANALYSIS = YES;
				CLANG_WARN_STRICT_PROTOTYPES = YES;
				CLANG_WARN_SUSPICIOUS_MOVE = YES;
				CLANG_WARN_UNGUARDED_AVAILABILITY = YES_AGGRESSIVE;
				CLANG_WARN_UNREACHABLE_CODE = YES;
				CLANG_WARN__DUPLICATE_METHOD_MATCH = YES;
				COPY_PHASE_STRIP = NO;
				DEBUG_INFORMATION_FORMAT = dwarf;
				ENABLE_STRICT_OBJC_MSGSEND = YES;
				ENABLE_TESTABILITY = YES;
				GCC_C_LANGUAGE_STANDARD = gnu11;
				GCC_DYNAMIC_NO_PIC = NO;
				GCC_NO_COMMON_BLOCKS = YES;
				GCC_OPTIMIZATION_LEVEL = 0;
				GCC_PREPROCESSOR_DEFINITIONS = (
					"DEBUG=1",
					"$(inherited)",
				);
				GCC_WARN_64_TO_32_BIT_CONVERSION = YES;
				GCC_WARN_ABOUT_RETURN_TYPE = YES_ERROR;
				GCC_WARN_UNDECLARED_SELECTOR = YES;
				GCC_WARN_UNINITIALIZED_AUTOS = YES_AGGRESSIVE;
				GCC_WARN_UNUSED_FUNCTION = YES;
				GCC_WARN_UNUSED_VARIABLE = YES;
				IPHONEOS_DEPLOYMENT_TARGET = 15.5;
				MTL_ENABLE_DEBUG_INFO = INCLUDE_SOURCE;
				MTL_FAST_MATH = YES;
				ONLY_ACTIVE_ARCH = YES;
				SDKROOT = iphoneos;
				SWIFT_ACTIVE_COMPILATION_CONDITIONS = DEBUG;
				SWIFT_OPTIMIZATION_LEVEL = "-Onone";
			};
			name = Debug;
		};
		6A4397D0292516860000D1B7 /* Release */ = {
			isa = XCBuildConfiguration;
			buildSettings = {
				ALWAYS_SEARCH_USER_PATHS = NO;
				CLANG_ANALYZER_NONNULL = YES;
				CLANG_ANALYZER_NUMBER_OBJECT_CONVERSION = YES_AGGRESSIVE;
				CLANG_CXX_LANGUAGE_STANDARD = "gnu++20";
				CLANG_ENABLE_MODULES = YES;
				CLANG_ENABLE_OBJC_ARC = YES;
				CLANG_ENABLE_OBJC_WEAK = YES;
				CLANG_WARN_BLOCK_CAPTURE_AUTORELEASING = YES;
				CLANG_WARN_BOOL_CONVERSION = YES;
				CLANG_WARN_COMMA = YES;
				CLANG_WARN_CONSTANT_CONVERSION = YES;
				CLANG_WARN_DEPRECATED_OBJC_IMPLEMENTATIONS = YES;
				CLANG_WARN_DIRECT_OBJC_ISA_USAGE = YES_ERROR;
				CLANG_WARN_DOCUMENTATION_COMMENTS = YES;
				CLANG_WARN_EMPTY_BODY = YES;
				CLANG_WARN_ENUM_CONVERSION = YES;
				CLANG_WARN_INFINITE_RECURSION = YES;
				CLANG_WARN_INT_CONVERSION = YES;
				CLANG_WARN_NON_LITERAL_NULL_CONVERSION = YES;
				CLANG_WARN_OBJC_IMPLICIT_RETAIN_SELF = YES;
				CLANG_WARN_OBJC_LITERAL_CONVERSION = YES;
				CLANG_WARN_OBJC_ROOT_CLASS = YES_ERROR;
				CLANG_WARN_QUOTED_INCLUDE_IN_FRAMEWORK_HEADER = YES;
				CLANG_WARN_RANGE_LOOP_ANALYSIS = YES;
				CLANG_WARN_STRICT_PROTOTYPES = YES;
				CLANG_WARN_SUSPICIOUS_MOVE = YES;
				CLANG_WARN_UNGUARDED_AVAILABILITY = YES_AGGRESSIVE;
				CLANG_WARN_UNREACHABLE_CODE = YES;
				CLANG_WARN__DUPLICATE_METHOD_MATCH = YES;
				COPY_PHASE_STRIP = NO;
				DEBUG_INFORMATION_FORMAT = "dwarf-with-dsym";
				ENABLE_NS_ASSERTIONS = NO;
				ENABLE_STRICT_OBJC_MSGSEND = YES;
				GCC_C_LANGUAGE_STANDARD = gnu11;
				GCC_NO_COMMON_BLOCKS = YES;
				GCC_WARN_64_TO_32_BIT_CONVERSION = YES;
				GCC_WARN_ABOUT_RETURN_TYPE = YES_ERROR;
				GCC_WARN_UNDECLARED_SELECTOR = YES;
				GCC_WARN_UNINITIALIZED_AUTOS = YES_AGGRESSIVE;
				GCC_WARN_UNUSED_FUNCTION = YES;
				GCC_WARN_UNUSED_VARIABLE = YES;
				IPHONEOS_DEPLOYMENT_TARGET = 15.5;
				MTL_ENABLE_DEBUG_INFO = NO;
				MTL_FAST_MATH = YES;
				SDKROOT = iphoneos;
				SWIFT_COMPILATION_MODE = wholemodule;
				SWIFT_OPTIMIZATION_LEVEL = "-O";
				VALIDATE_PRODUCT = YES;
			};
			name = Release;
		};
		6A4397D2292516860000D1B7 /* Debug */ = {
			isa = XCBuildConfiguration;
			buildSettings = {
				ASSETCATALOG_COMPILER_APPICON_NAME = AppIcon;
				ASSETCATALOG_COMPILER_GLOBAL_ACCENT_COLOR_NAME = AccentColor;
				CODE_SIGN_STYLE = Automatic;
				CURRENT_PROJECT_VERSION = 1;
				DEVELOPMENT_ASSET_PATHS = "\"DecAR/Preview Content\"";
				DEVELOPMENT_TEAM = 52C5PE8N74;
				ENABLE_PREVIEWS = YES;
				GENERATE_INFOPLIST_FILE = YES;
				INFOPLIST_KEY_NSCameraUsageDescription = "";
				INFOPLIST_KEY_UIApplicationSupportsIndirectInputEvents = YES;
				INFOPLIST_KEY_UILaunchScreen_Generation = YES;
				INFOPLIST_KEY_UIRequiredDeviceCapabilities = arkit;
				INFOPLIST_KEY_UIStatusBarHidden = YES;
				INFOPLIST_KEY_UISupportedInterfaceOrientations_iPad = "UIInterfaceOrientationPortrait UIInterfaceOrientationPortraitUpsideDown UIInterfaceOrientationLandscapeLeft UIInterfaceOrientationLandscapeRight";
				INFOPLIST_KEY_UISupportedInterfaceOrientations_iPhone = "UIInterfaceOrientationPortrait UIInterfaceOrientationLandscapeLeft UIInterfaceOrientationLandscapeRight";
				IPHONEOS_DEPLOYMENT_TARGET = 15.5;
				LD_RUNPATH_SEARCH_PATHS = (
					"$(inherited)",
					"@executable_path/Frameworks",
				);
				MARKETING_VERSION = 1.0;
				PRODUCT_BUNDLE_IDENTIFIER = a.Metropolia.DecAR.3;
				PRODUCT_NAME = "$(TARGET_NAME)";
				SWIFT_EMIT_LOC_STRINGS = YES;
				SWIFT_VERSION = 5.0;
				TARGETED_DEVICE_FAMILY = "1,2";
			};
			name = Debug;
		};
		6A4397D3292516860000D1B7 /* Release */ = {
			isa = XCBuildConfiguration;
			buildSettings = {
				ASSETCATALOG_COMPILER_APPICON_NAME = AppIcon;
				ASSETCATALOG_COMPILER_GLOBAL_ACCENT_COLOR_NAME = AccentColor;
				CODE_SIGN_STYLE = Automatic;
				CURRENT_PROJECT_VERSION = 1;
				DEVELOPMENT_ASSET_PATHS = "\"DecAR/Preview Content\"";
				DEVELOPMENT_TEAM = 52C5PE8N74;
				ENABLE_PREVIEWS = YES;
				GENERATE_INFOPLIST_FILE = YES;
				INFOPLIST_KEY_NSCameraUsageDescription = "";
				INFOPLIST_KEY_UIApplicationSupportsIndirectInputEvents = YES;
				INFOPLIST_KEY_UILaunchScreen_Generation = YES;
				INFOPLIST_KEY_UIRequiredDeviceCapabilities = arkit;
				INFOPLIST_KEY_UIStatusBarHidden = YES;
				INFOPLIST_KEY_UISupportedInterfaceOrientations_iPad = "UIInterfaceOrientationPortrait UIInterfaceOrientationPortraitUpsideDown UIInterfaceOrientationLandscapeLeft UIInterfaceOrientationLandscapeRight";
				INFOPLIST_KEY_UISupportedInterfaceOrientations_iPhone = "UIInterfaceOrientationPortrait UIInterfaceOrientationLandscapeLeft UIInterfaceOrientationLandscapeRight";
				IPHONEOS_DEPLOYMENT_TARGET = 15.5;
				LD_RUNPATH_SEARCH_PATHS = (
					"$(inherited)",
					"@executable_path/Frameworks",
				);
				MARKETING_VERSION = 1.0;
				PRODUCT_BUNDLE_IDENTIFIER = a.Metropolia.DecAR.3;
				PRODUCT_NAME = "$(TARGET_NAME)";
				SWIFT_EMIT_LOC_STRINGS = YES;
				SWIFT_VERSION = 5.0;
				TARGETED_DEVICE_FAMILY = "1,2";
			};
			name = Release;
		};
		6A4397D5292516860000D1B7 /* Debug */ = {
			isa = XCBuildConfiguration;
			buildSettings = {
				ALWAYS_EMBED_SWIFT_STANDARD_LIBRARIES = YES;
				BUNDLE_LOADER = "$(TEST_HOST)";
				CODE_SIGN_STYLE = Automatic;
				CURRENT_PROJECT_VERSION = 1;
				GENERATE_INFOPLIST_FILE = YES;
				IPHONEOS_DEPLOYMENT_TARGET = 16.0;
				MARKETING_VERSION = 1.0;
				PRODUCT_BUNDLE_IDENTIFIER = Metropolia.DecARTests;
				PRODUCT_NAME = "$(TARGET_NAME)";
				SWIFT_EMIT_LOC_STRINGS = NO;
				SWIFT_VERSION = 5.0;
				TARGETED_DEVICE_FAMILY = "1,2";
				TEST_HOST = "$(BUILT_PRODUCTS_DIR)/DecAR.app/$(BUNDLE_EXECUTABLE_FOLDER_PATH)/DecAR";
			};
			name = Debug;
		};
		6A4397D6292516860000D1B7 /* Release */ = {
			isa = XCBuildConfiguration;
			buildSettings = {
				ALWAYS_EMBED_SWIFT_STANDARD_LIBRARIES = YES;
				BUNDLE_LOADER = "$(TEST_HOST)";
				CODE_SIGN_STYLE = Automatic;
				CURRENT_PROJECT_VERSION = 1;
				GENERATE_INFOPLIST_FILE = YES;
				IPHONEOS_DEPLOYMENT_TARGET = 16.0;
				MARKETING_VERSION = 1.0;
				PRODUCT_BUNDLE_IDENTIFIER = Metropolia.DecARTests;
				PRODUCT_NAME = "$(TARGET_NAME)";
				SWIFT_EMIT_LOC_STRINGS = NO;
				SWIFT_VERSION = 5.0;
				TARGETED_DEVICE_FAMILY = "1,2";
				TEST_HOST = "$(BUILT_PRODUCTS_DIR)/DecAR.app/$(BUNDLE_EXECUTABLE_FOLDER_PATH)/DecAR";
			};
			name = Release;
		};
		6A4397D8292516860000D1B7 /* Debug */ = {
			isa = XCBuildConfiguration;
			buildSettings = {
				ALWAYS_EMBED_SWIFT_STANDARD_LIBRARIES = YES;
				CODE_SIGN_STYLE = Automatic;
				CURRENT_PROJECT_VERSION = 1;
				GENERATE_INFOPLIST_FILE = YES;
				MARKETING_VERSION = 1.0;
				PRODUCT_BUNDLE_IDENTIFIER = Metropolia.DecARUITests;
				PRODUCT_NAME = "$(TARGET_NAME)";
				SWIFT_EMIT_LOC_STRINGS = NO;
				SWIFT_VERSION = 5.0;
				TARGETED_DEVICE_FAMILY = "1,2";
				TEST_TARGET_NAME = DecAR;
			};
			name = Debug;
		};
		6A4397D9292516860000D1B7 /* Release */ = {
			isa = XCBuildConfiguration;
			buildSettings = {
				ALWAYS_EMBED_SWIFT_STANDARD_LIBRARIES = YES;
				CODE_SIGN_STYLE = Automatic;
				CURRENT_PROJECT_VERSION = 1;
				GENERATE_INFOPLIST_FILE = YES;
				MARKETING_VERSION = 1.0;
				PRODUCT_BUNDLE_IDENTIFIER = Metropolia.DecARUITests;
				PRODUCT_NAME = "$(TARGET_NAME)";
				SWIFT_EMIT_LOC_STRINGS = NO;
				SWIFT_VERSION = 5.0;
				TARGETED_DEVICE_FAMILY = "1,2";
				TEST_TARGET_NAME = DecAR;
			};
			name = Release;
		};
/* End XCBuildConfiguration section */

/* Begin XCConfigurationList section */
		6A4397A6292516810000D1B7 /* Build configuration list for PBXProject "DecAR" */ = {
			isa = XCConfigurationList;
			buildConfigurations = (
				6A4397CF292516860000D1B7 /* Debug */,
				6A4397D0292516860000D1B7 /* Release */,
			);
			defaultConfigurationIsVisible = 0;
			defaultConfigurationName = Release;
		};
		6A4397D1292516860000D1B7 /* Build configuration list for PBXNativeTarget "DecAR" */ = {
			isa = XCConfigurationList;
			buildConfigurations = (
				6A4397D2292516860000D1B7 /* Debug */,
				6A4397D3292516860000D1B7 /* Release */,
			);
			defaultConfigurationIsVisible = 0;
			defaultConfigurationName = Release;
		};
		6A4397D4292516860000D1B7 /* Build configuration list for PBXNativeTarget "DecARTests" */ = {
			isa = XCConfigurationList;
			buildConfigurations = (
				6A4397D5292516860000D1B7 /* Debug */,
				6A4397D6292516860000D1B7 /* Release */,
			);
			defaultConfigurationIsVisible = 0;
			defaultConfigurationName = Release;
		};
		6A4397D7292516860000D1B7 /* Build configuration list for PBXNativeTarget "DecARUITests" */ = {
			isa = XCConfigurationList;
			buildConfigurations = (
				6A4397D8292516860000D1B7 /* Debug */,
				6A4397D9292516860000D1B7 /* Release */,
			);
			defaultConfigurationIsVisible = 0;
			defaultConfigurationName = Release;
		};
/* End XCConfigurationList section */

/* Begin XCVersionGroup section */
		6A279DF4292BD878000EA69D /* DecAR.xcdatamodeld */ = {
			isa = XCVersionGroup;
			children = (
				6A279DF5292BD878000EA69D /* DecAR.xcdatamodel */,
			);
			currentVersion = 6A279DF5292BD878000EA69D /* DecAR.xcdatamodel */;
			path = DecAR.xcdatamodeld;
			sourceTree = "<group>";
			versionGroupType = wrapper.xcdatamodel;
		};
/* End XCVersionGroup section */
	};
	rootObject = 6A4397A3292516810000D1B7 /* Project object */;
}
