// !$*UTF8*$!
{
	archiveVersion = 1;
	classes = {
	};
	objectVersion = 56;
	objects = {

/* Begin PBXBuildFile section */
		6A1CD86B29314C300084B6DD /* Localizable.strings in Resources */ = {isa = PBXBuildFile; fileRef = 6A1CD86D29314C300084B6DD /* Localizable.strings */; };
		6A279DED292BD824000EA69D /* Furniture+CoreDataProperties.swift in Sources */ = {isa = PBXBuildFile; fileRef = 6A279DEA292BD824000EA69D /* Furniture+CoreDataProperties.swift */; };
		6A279DEE292BD824000EA69D /* Listing+CoreDataProperties.swift in Sources */ = {isa = PBXBuildFile; fileRef = 6A279DEB292BD824000EA69D /* Listing+CoreDataProperties.swift */; };
		6A279DEF292BD824000EA69D /* Listing+CoreData.swift in Sources */ = {isa = PBXBuildFile; fileRef = 6A279DEC292BD824000EA69D /* Listing+CoreData.swift */; };
		6A279DF1292BD840000EA69D /* Listings.swift in Sources */ = {isa = PBXBuildFile; fileRef = 6A279DF0292BD840000EA69D /* Listings.swift */; };
		6A279DF3292BD867000EA69D /* Persistence.swift in Sources */ = {isa = PBXBuildFile; fileRef = 6A279DF2292BD867000EA69D /* Persistence.swift */; };
		6A279DF6292BD878000EA69D /* DecAR.xcdatamodeld in Sources */ = {isa = PBXBuildFile; fileRef = 6A279DF4292BD878000EA69D /* DecAR.xcdatamodeld */; };
		6A279DF9292E8738000EA69D /* FurnitureCollection.swift in Sources */ = {isa = PBXBuildFile; fileRef = 6A279DF8292E8738000EA69D /* FurnitureCollection.swift */; };
		6A279DFF292FC417000EA69D /* Furniture+CoreData.swift in Sources */ = {isa = PBXBuildFile; fileRef = 6A279DFE292FC417000EA69D /* Furniture+CoreData.swift */; };
		6A4397AF292516810000D1B7 /* AppDelegate.swift in Sources */ = {isa = PBXBuildFile; fileRef = 6A4397AE292516810000D1B7 /* AppDelegate.swift */; };
		6A4397B1292516810000D1B7 /* ContentView.swift in Sources */ = {isa = PBXBuildFile; fileRef = 6A4397B0292516810000D1B7 /* ContentView.swift */; };
		6A4397B5292516860000D1B7 /* Assets.xcassets in Resources */ = {isa = PBXBuildFile; fileRef = 6A4397B4292516860000D1B7 /* Assets.xcassets */; };
		6A4397B8292516860000D1B7 /* Preview Assets.xcassets in Resources */ = {isa = PBXBuildFile; fileRef = 6A4397B7292516860000D1B7 /* Preview Assets.xcassets */; };
		6A4397C2292516860000D1B7 /* DecARTests.swift in Sources */ = {isa = PBXBuildFile; fileRef = 6A4397C1292516860000D1B7 /* DecARTests.swift */; };
		6A4397CC292516860000D1B7 /* DecARUITests.swift in Sources */ = {isa = PBXBuildFile; fileRef = 6A4397CB292516860000D1B7 /* DecARUITests.swift */; };
		6A4397CE292516860000D1B7 /* DecARUITestsLaunchTests.swift in Sources */ = {isa = PBXBuildFile; fileRef = 6A4397CD292516860000D1B7 /* DecARUITestsLaunchTests.swift */; };
		6A63C7DA292541EB009BE389 /* chair_swan.usdz in Resources */ = {isa = PBXBuildFile; fileRef = 6A63C7D9292541EB009BE389 /* chair_swan.usdz */; };
		6A83F3AB293D248E00D1047E /* Map.swift in Sources */ = {isa = PBXBuildFile; fileRef = 6A83F3AA293D248E00D1047E /* Map.swift */; };
		6AA58C402928E39100304FD9 /* Menu.swift in Sources */ = {isa = PBXBuildFile; fileRef = 6AA58C3F2928E39100304FD9 /* Menu.swift */; };
		6AA58C42292E530B00304FD9 /* Settings.swift in Sources */ = {isa = PBXBuildFile; fileRef = 6AA58C41292E530B00304FD9 /* Settings.swift */; };
		6AA58C452936186E00304FD9 /* brown_couch.usdz in Resources */ = {isa = PBXBuildFile; fileRef = 6AA58C432936186D00304FD9 /* brown_couch.usdz */; };
		6AA58C462936186E00304FD9 /* stool.usdz in Resources */ = {isa = PBXBuildFile; fileRef = 6AA58C442936186D00304FD9 /* stool.usdz */; };
		6AB202B02937C7EF005A3954 /* chesterfield-sofa.usdz in Resources */ = {isa = PBXBuildFile; fileRef = 6AB202AF2937C7EF005A3954 /* chesterfield-sofa.usdz */; };
		6AB202B22937C9BD005A3954 /* armchair.usdz in Resources */ = {isa = PBXBuildFile; fileRef = 6AB202B12937C9BD005A3954 /* armchair.usdz */; };
		6AB202B42937C9D3005A3954 /* grey_sofa.usdz in Resources */ = {isa = PBXBuildFile; fileRef = 6AB202B32937C9D3005A3954 /* grey_sofa.usdz */; };
		6AB202B62937C9EB005A3954 /* office_chair.usdz in Resources */ = {isa = PBXBuildFile; fileRef = 6AB202B52937C9EB005A3954 /* office_chair.usdz */; };
		6AB202B82937CA08005A3954 /* bunk_bed.usdz in Resources */ = {isa = PBXBuildFile; fileRef = 6AB202B72937CA08005A3954 /* bunk_bed.usdz */; };
		6AB202BA2937CC0A005A3954 /* bed.usdz in Resources */ = {isa = PBXBuildFile; fileRef = 6AB202B92937CC0A005A3954 /* bed.usdz */; };
		6AB202BC2937CD2B005A3954 /* wooden_bed.usdz in Resources */ = {isa = PBXBuildFile; fileRef = 6AB202BB2937CD2B005A3954 /* wooden_bed.usdz */; };
		6AB202C02937CD56005A3954 /* brownleather_couch.usdz in Resources */ = {isa = PBXBuildFile; fileRef = 6AB202BF2937CD56005A3954 /* brownleather_couch.usdz */; };
		6AB202C22937CD68005A3954 /* divan_sofa.usdz in Resources */ = {isa = PBXBuildFile; fileRef = 6AB202C12937CD67005A3954 /* divan_sofa.usdz */; };
		6AB202C42937CD7E005A3954 /* tv_and_stand.usdz in Resources */ = {isa = PBXBuildFile; fileRef = 6AB202C32937CD7E005A3954 /* tv_and_stand.usdz */; };
		6AB202C82937CD9F005A3954 /* piano_black.usdz in Resources */ = {isa = PBXBuildFile; fileRef = 6AB202C72937CD9F005A3954 /* piano_black.usdz */; };
		6AB202CA2937CDB7005A3954 /* wooden_bookshelf.usdz in Resources */ = {isa = PBXBuildFile; fileRef = 6AB202C92937CDB7005A3954 /* wooden_bookshelf.usdz */; };
		6AB202CC2937CDC4005A3954 /* wooden_table.usdz in Resources */ = {isa = PBXBuildFile; fileRef = 6AB202CB2937CDC4005A3954 /* wooden_table.usdz */; };
		6AB202CE2937D2B5005A3954 /* art_desk.usdz in Resources */ = {isa = PBXBuildFile; fileRef = 6AB202CD2937D2B5005A3954 /* art_desk.usdz */; };
		6AB202DE2937D31F005A3954 /* wooden_wardrobe.usdz in Resources */ = {isa = PBXBuildFile; fileRef = 6AB202CF2937D316005A3954 /* wooden_wardrobe.usdz */; };
		6AB202DF2937D31F005A3954 /* modern_tv_stand.usdz in Resources */ = {isa = PBXBuildFile; fileRef = 6AB202D02937D317005A3954 /* modern_tv_stand.usdz */; };
		6AB202E02937D31F005A3954 /* wooden_coffee_table.usdz in Resources */ = {isa = PBXBuildFile; fileRef = 6AB202D12937D317005A3954 /* wooden_coffee_table.usdz */; };
		6AB202E12937D31F005A3954 /* black_chair.usdz in Resources */ = {isa = PBXBuildFile; fileRef = 6AB202D22937D318005A3954 /* black_chair.usdz */; };
		6AB202E22937D31F005A3954 /* simple_chair.usdz in Resources */ = {isa = PBXBuildFile; fileRef = 6AB202D32937D319005A3954 /* simple_chair.usdz */; };
		6AB202E32937D31F005A3954 /* wall_television.usdz in Resources */ = {isa = PBXBuildFile; fileRef = 6AB202D42937D319005A3954 /* wall_television.usdz */; };
		6AB202E42937D31F005A3954 /* egg_chair.usdz in Resources */ = {isa = PBXBuildFile; fileRef = 6AB202D52937D31A005A3954 /* egg_chair.usdz */; };
		6AB202E52937D31F005A3954 /* table_set.usdz in Resources */ = {isa = PBXBuildFile; fileRef = 6AB202D62937D31A005A3954 /* table_set.usdz */; };
		6AB202E62937D31F005A3954 /* cover_chair.usdz in Resources */ = {isa = PBXBuildFile; fileRef = 6AB202D72937D31A005A3954 /* cover_chair.usdz */; };
		6AB202E72937D31F005A3954 /* vintage_desk_lamp.usdz in Resources */ = {isa = PBXBuildFile; fileRef = 6AB202D82937D31B005A3954 /* vintage_desk_lamp.usdz */; };
		6AB202E82937D31F005A3954 /* poliform_bed.usdz in Resources */ = {isa = PBXBuildFile; fileRef = 6AB202D92937D31B005A3954 /* poliform_bed.usdz */; };
		6AB202E92937D31F005A3954 /* pool_table.usdz in Resources */ = {isa = PBXBuildFile; fileRef = 6AB202DA2937D31C005A3954 /* pool_table.usdz */; };
		6AB202EA2937D31F005A3954 /* foyer_table.usdz in Resources */ = {isa = PBXBuildFile; fileRef = 6AB202DB2937D31C005A3954 /* foyer_table.usdz */; };
		6AB202EB2937D31F005A3954 /* house_plant.usdz in Resources */ = {isa = PBXBuildFile; fileRef = 6AB202DC2937D31E005A3954 /* house_plant.usdz */; };
		6AB202EC2937D31F005A3954 /* eastern_carpet.usdz in Resources */ = {isa = PBXBuildFile; fileRef = 6AB202DD2937D31F005A3954 /* eastern_carpet.usdz */; };
		6AB202F62937D75C005A3954 /* work_desk.usdz in Resources */ = {isa = PBXBuildFile; fileRef = 6AB202ED2937D752005A3954 /* work_desk.usdz */; };
		6AB202F72937D75C005A3954 /* coffee_table.usdz in Resources */ = {isa = PBXBuildFile; fileRef = 6AB202EE2937D753005A3954 /* coffee_table.usdz */; };
		6AB202F82937D75C005A3954 /* white_glass_coffeetable.usdz in Resources */ = {isa = PBXBuildFile; fileRef = 6AB202EF2937D753005A3954 /* white_glass_coffeetable.usdz */; };
		6AB202F92937D75C005A3954 /* chinese_tea_tableset.usdz in Resources */ = {isa = PBXBuildFile; fileRef = 6AB202F02937D754005A3954 /* chinese_tea_tableset.usdz */; };
		6AB202FA2937D75C005A3954 /* vase.usdz in Resources */ = {isa = PBXBuildFile; fileRef = 6AB202F12937D755005A3954 /* vase.usdz */; };
		6AB202FB2937D75C005A3954 /* grey_carpet.usdz in Resources */ = {isa = PBXBuildFile; fileRef = 6AB202F22937D756005A3954 /* grey_carpet.usdz */; };
		6AB202FC2937D75C005A3954 /* fluffy_carpet.usdz in Resources */ = {isa = PBXBuildFile; fileRef = 6AB202F32937D75A005A3954 /* fluffy_carpet.usdz */; };
		6AB202FD2937D75C005A3954 /* classic_mirror.usdz in Resources */ = {isa = PBXBuildFile; fileRef = 6AB202F42937D75B005A3954 /* classic_mirror.usdz */; };
		6AB202FE2937D75C005A3954 /* glass_table_set.usdz in Resources */ = {isa = PBXBuildFile; fileRef = 6AB202F52937D75C005A3954 /* glass_table_set.usdz */; };
		6AB2030A2937DD20005A3954 /* steelframe_shelve.usdz in Resources */ = {isa = PBXBuildFile; fileRef = 6AB202FF2937DD16005A3954 /* steelframe_shelve.usdz */; };
		6AB2030B2937DD20005A3954 /* bed_with_lamp.usdz in Resources */ = {isa = PBXBuildFile; fileRef = 6AB203002937DD17005A3954 /* bed_with_lamp.usdz */; };
		6AB2030C2937DD20005A3954 /* gaming_desk.usdz in Resources */ = {isa = PBXBuildFile; fileRef = 6AB203012937DD17005A3954 /* gaming_desk.usdz */; };
		6AB2030D2937DD20005A3954 /* japanese_lamp.usdz in Resources */ = {isa = PBXBuildFile; fileRef = 6AB203022937DD18005A3954 /* japanese_lamp.usdz */; };
		6AB2030E2937DD20005A3954 /* flowerpot.usdz in Resources */ = {isa = PBXBuildFile; fileRef = 6AB203032937DD18005A3954 /* flowerpot.usdz */; };
		6AB2030F2937DD20005A3954 /* striped_carpet.usdz in Resources */ = {isa = PBXBuildFile; fileRef = 6AB203042937DD1A005A3954 /* striped_carpet.usdz */; };
		6AB203102937DD20005A3954 /* modern_bed.usdz in Resources */ = {isa = PBXBuildFile; fileRef = 6AB203052937DD1B005A3954 /* modern_bed.usdz */; };
		6AB203112937DD20005A3954 /* painting.usdz in Resources */ = {isa = PBXBuildFile; fileRef = 6AB203062937DD1C005A3954 /* painting.usdz */; };
		6AB203122937DD20005A3954 /* wooden_nightstand.usdz in Resources */ = {isa = PBXBuildFile; fileRef = 6AB203072937DD1C005A3954 /* wooden_nightstand.usdz */; };
		6AB203132937DD20005A3954 /* old_painting.usdz in Resources */ = {isa = PBXBuildFile; fileRef = 6AB203082937DD1D005A3954 /* old_painting.usdz */; };
		6AB203142937DD20005A3954 /* sculpture.usdz in Resources */ = {isa = PBXBuildFile; fileRef = 6AB203092937DD20005A3954 /* sculpture.usdz */; };
		6AE38A79292CC2A900F96075 /* FurnitureMenu.swift in Sources */ = {isa = PBXBuildFile; fileRef = 6AE38A78292CC2A900F96075 /* FurnitureMenu.swift */; };
/* End PBXBuildFile section */

/* Begin PBXContainerItemProxy section */
		6A4397BE292516860000D1B7 /* PBXContainerItemProxy */ = {
			isa = PBXContainerItemProxy;
			containerPortal = 6A4397A3292516810000D1B7 /* Project object */;
			proxyType = 1;
			remoteGlobalIDString = 6A4397AA292516810000D1B7;
			remoteInfo = DecAR;
		};
		6A4397C8292516860000D1B7 /* PBXContainerItemProxy */ = {
			isa = PBXContainerItemProxy;
			containerPortal = 6A4397A3292516810000D1B7 /* Project object */;
			proxyType = 1;
			remoteGlobalIDString = 6A4397AA292516810000D1B7;
			remoteInfo = DecAR;
		};
/* End PBXContainerItemProxy section */

/* Begin PBXFileReference section */
		6A1CD86C29314C300084B6DD /* en */ = {isa = PBXFileReference; lastKnownFileType = text.plist.strings; name = en; path = en.lproj/Localizable.strings; sourceTree = "<group>"; };
		6A1CD86E29314D720084B6DD /* fi */ = {isa = PBXFileReference; lastKnownFileType = text.plist.strings; name = fi; path = fi.lproj/Localizable.strings; sourceTree = "<group>"; };
		6A279DEA292BD824000EA69D /* Furniture+CoreDataProperties.swift */ = {isa = PBXFileReference; fileEncoding = 4; lastKnownFileType = sourcecode.swift; path = "Furniture+CoreDataProperties.swift"; sourceTree = "<group>"; };
		6A279DEB292BD824000EA69D /* Listing+CoreDataProperties.swift */ = {isa = PBXFileReference; fileEncoding = 4; lastKnownFileType = sourcecode.swift; path = "Listing+CoreDataProperties.swift"; sourceTree = "<group>"; };
		6A279DEC292BD824000EA69D /* Listing+CoreData.swift */ = {isa = PBXFileReference; fileEncoding = 4; lastKnownFileType = sourcecode.swift; path = "Listing+CoreData.swift"; sourceTree = "<group>"; };
		6A279DF0292BD840000EA69D /* Listings.swift */ = {isa = PBXFileReference; fileEncoding = 4; lastKnownFileType = sourcecode.swift; path = Listings.swift; sourceTree = "<group>"; };
		6A279DF2292BD867000EA69D /* Persistence.swift */ = {isa = PBXFileReference; fileEncoding = 4; lastKnownFileType = sourcecode.swift; path = Persistence.swift; sourceTree = "<group>"; };
		6A279DF5292BD878000EA69D /* DecAR.xcdatamodel */ = {isa = PBXFileReference; lastKnownFileType = wrapper.xcdatamodel; path = DecAR.xcdatamodel; sourceTree = "<group>"; };
		6A279DF8292E8738000EA69D /* FurnitureCollection.swift */ = {isa = PBXFileReference; lastKnownFileType = sourcecode.swift; path = FurnitureCollection.swift; sourceTree = "<group>"; };
		6A279DFE292FC417000EA69D /* Furniture+CoreData.swift */ = {isa = PBXFileReference; lastKnownFileType = sourcecode.swift; path = "Furniture+CoreData.swift"; sourceTree = "<group>"; };
		6A4397AB292516810000D1B7 /* DecAR.app */ = {isa = PBXFileReference; explicitFileType = wrapper.application; includeInIndex = 0; path = DecAR.app; sourceTree = BUILT_PRODUCTS_DIR; };
		6A4397AE292516810000D1B7 /* AppDelegate.swift */ = {isa = PBXFileReference; lastKnownFileType = sourcecode.swift; path = AppDelegate.swift; sourceTree = "<group>"; };
		6A4397B0292516810000D1B7 /* ContentView.swift */ = {isa = PBXFileReference; lastKnownFileType = sourcecode.swift; path = ContentView.swift; sourceTree = "<group>"; };
		6A4397B4292516860000D1B7 /* Assets.xcassets */ = {isa = PBXFileReference; lastKnownFileType = folder.assetcatalog; path = Assets.xcassets; sourceTree = "<group>"; };
		6A4397B7292516860000D1B7 /* Preview Assets.xcassets */ = {isa = PBXFileReference; lastKnownFileType = folder.assetcatalog; path = "Preview Assets.xcassets"; sourceTree = "<group>"; };
		6A4397BD292516860000D1B7 /* DecARTests.xctest */ = {isa = PBXFileReference; explicitFileType = wrapper.cfbundle; includeInIndex = 0; path = DecARTests.xctest; sourceTree = BUILT_PRODUCTS_DIR; };
		6A4397C1292516860000D1B7 /* DecARTests.swift */ = {isa = PBXFileReference; lastKnownFileType = sourcecode.swift; path = DecARTests.swift; sourceTree = "<group>"; };
		6A4397C7292516860000D1B7 /* DecARUITests.xctest */ = {isa = PBXFileReference; explicitFileType = wrapper.cfbundle; includeInIndex = 0; path = DecARUITests.xctest; sourceTree = BUILT_PRODUCTS_DIR; };
		6A4397CB292516860000D1B7 /* DecARUITests.swift */ = {isa = PBXFileReference; lastKnownFileType = sourcecode.swift; path = DecARUITests.swift; sourceTree = "<group>"; };
		6A4397CD292516860000D1B7 /* DecARUITestsLaunchTests.swift */ = {isa = PBXFileReference; lastKnownFileType = sourcecode.swift; path = DecARUITestsLaunchTests.swift; sourceTree = "<group>"; };
		6A63C7D9292541EB009BE389 /* chair_swan.usdz */ = {isa = PBXFileReference; lastKnownFileType = file.usdz; path = chair_swan.usdz; sourceTree = "<group>"; };
		6A83F3AA293D248E00D1047E /* Map.swift */ = {isa = PBXFileReference; lastKnownFileType = sourcecode.swift; path = Map.swift; sourceTree = "<group>"; };
		6AA58C3F2928E39100304FD9 /* Menu.swift */ = {isa = PBXFileReference; lastKnownFileType = sourcecode.swift; path = Menu.swift; sourceTree = "<group>"; };
		6AA58C41292E530B00304FD9 /* Settings.swift */ = {isa = PBXFileReference; lastKnownFileType = sourcecode.swift; path = Settings.swift; sourceTree = "<group>"; };
		6AA58C432936186D00304FD9 /* brown_couch.usdz */ = {isa = PBXFileReference; lastKnownFileType = file.usdz; path = brown_couch.usdz; sourceTree = "<group>"; };
		6AA58C442936186D00304FD9 /* stool.usdz */ = {isa = PBXFileReference; lastKnownFileType = file.usdz; path = stool.usdz; sourceTree = "<group>"; };
		6AB202AF2937C7EF005A3954 /* chesterfield-sofa.usdz */ = {isa = PBXFileReference; lastKnownFileType = file.usdz; path = "chesterfield-sofa.usdz"; sourceTree = "<group>"; };
		6AB202B12937C9BD005A3954 /* armchair.usdz */ = {isa = PBXFileReference; lastKnownFileType = file.usdz; path = armchair.usdz; sourceTree = "<group>"; };
		6AB202B32937C9D3005A3954 /* grey_sofa.usdz */ = {isa = PBXFileReference; lastKnownFileType = file.usdz; path = grey_sofa.usdz; sourceTree = "<group>"; };
		6AB202B52937C9EB005A3954 /* office_chair.usdz */ = {isa = PBXFileReference; lastKnownFileType = file.usdz; path = office_chair.usdz; sourceTree = "<group>"; };
		6AB202B72937CA08005A3954 /* bunk_bed.usdz */ = {isa = PBXFileReference; lastKnownFileType = file.usdz; path = bunk_bed.usdz; sourceTree = "<group>"; };
		6AB202B92937CC0A005A3954 /* bed.usdz */ = {isa = PBXFileReference; lastKnownFileType = file.usdz; path = bed.usdz; sourceTree = "<group>"; };
		6AB202BB2937CD2B005A3954 /* wooden_bed.usdz */ = {isa = PBXFileReference; lastKnownFileType = file.usdz; path = wooden_bed.usdz; sourceTree = "<group>"; };
		6AB202BF2937CD56005A3954 /* brownleather_couch.usdz */ = {isa = PBXFileReference; lastKnownFileType = file.usdz; path = brownleather_couch.usdz; sourceTree = "<group>"; };
		6AB202C12937CD67005A3954 /* divan_sofa.usdz */ = {isa = PBXFileReference; lastKnownFileType = file.usdz; path = divan_sofa.usdz; sourceTree = "<group>"; };
		6AB202C32937CD7E005A3954 /* tv_and_stand.usdz */ = {isa = PBXFileReference; lastKnownFileType = file.usdz; path = tv_and_stand.usdz; sourceTree = "<group>"; };
		6AB202C72937CD9F005A3954 /* piano_black.usdz */ = {isa = PBXFileReference; lastKnownFileType = file.usdz; path = piano_black.usdz; sourceTree = "<group>"; };
		6AB202C92937CDB7005A3954 /* wooden_bookshelf.usdz */ = {isa = PBXFileReference; lastKnownFileType = file.usdz; path = wooden_bookshelf.usdz; sourceTree = "<group>"; };
		6AB202CB2937CDC4005A3954 /* wooden_table.usdz */ = {isa = PBXFileReference; lastKnownFileType = file.usdz; path = wooden_table.usdz; sourceTree = "<group>"; };
		6AB202CD2937D2B5005A3954 /* art_desk.usdz */ = {isa = PBXFileReference; lastKnownFileType = file.usdz; path = art_desk.usdz; sourceTree = "<group>"; };
		6AB202CF2937D316005A3954 /* wooden_wardrobe.usdz */ = {isa = PBXFileReference; lastKnownFileType = file.usdz; path = wooden_wardrobe.usdz; sourceTree = "<group>"; };
		6AB202D02937D317005A3954 /* modern_tv_stand.usdz */ = {isa = PBXFileReference; lastKnownFileType = file.usdz; path = modern_tv_stand.usdz; sourceTree = "<group>"; };
		6AB202D12937D317005A3954 /* wooden_coffee_table.usdz */ = {isa = PBXFileReference; lastKnownFileType = file.usdz; path = wooden_coffee_table.usdz; sourceTree = "<group>"; };
		6AB202D22937D318005A3954 /* black_chair.usdz */ = {isa = PBXFileReference; lastKnownFileType = file.usdz; path = black_chair.usdz; sourceTree = "<group>"; };
		6AB202D32937D319005A3954 /* simple_chair.usdz */ = {isa = PBXFileReference; lastKnownFileType = file.usdz; path = simple_chair.usdz; sourceTree = "<group>"; };
		6AB202D42937D319005A3954 /* wall_television.usdz */ = {isa = PBXFileReference; lastKnownFileType = file.usdz; path = wall_television.usdz; sourceTree = "<group>"; };
		6AB202D52937D31A005A3954 /* egg_chair.usdz */ = {isa = PBXFileReference; lastKnownFileType = file.usdz; path = egg_chair.usdz; sourceTree = "<group>"; };
		6AB202D62937D31A005A3954 /* table_set.usdz */ = {isa = PBXFileReference; lastKnownFileType = file.usdz; path = table_set.usdz; sourceTree = "<group>"; };
		6AB202D72937D31A005A3954 /* cover_chair.usdz */ = {isa = PBXFileReference; lastKnownFileType = file.usdz; path = cover_chair.usdz; sourceTree = "<group>"; };
		6AB202D82937D31B005A3954 /* vintage_desk_lamp.usdz */ = {isa = PBXFileReference; lastKnownFileType = file.usdz; path = vintage_desk_lamp.usdz; sourceTree = "<group>"; };
		6AB202D92937D31B005A3954 /* poliform_bed.usdz */ = {isa = PBXFileReference; lastKnownFileType = file.usdz; path = poliform_bed.usdz; sourceTree = "<group>"; };
		6AB202DA2937D31C005A3954 /* pool_table.usdz */ = {isa = PBXFileReference; lastKnownFileType = file.usdz; path = pool_table.usdz; sourceTree = "<group>"; };
		6AB202DB2937D31C005A3954 /* foyer_table.usdz */ = {isa = PBXFileReference; lastKnownFileType = file.usdz; path = foyer_table.usdz; sourceTree = "<group>"; };
		6AB202DC2937D31E005A3954 /* house_plant.usdz */ = {isa = PBXFileReference; lastKnownFileType = file.usdz; path = house_plant.usdz; sourceTree = "<group>"; };
		6AB202DD2937D31F005A3954 /* eastern_carpet.usdz */ = {isa = PBXFileReference; lastKnownFileType = file.usdz; path = eastern_carpet.usdz; sourceTree = "<group>"; };
		6AB202ED2937D752005A3954 /* work_desk.usdz */ = {isa = PBXFileReference; lastKnownFileType = file.usdz; path = work_desk.usdz; sourceTree = "<group>"; };
		6AB202EE2937D753005A3954 /* coffee_table.usdz */ = {isa = PBXFileReference; lastKnownFileType = file.usdz; path = coffee_table.usdz; sourceTree = "<group>"; };
		6AB202EF2937D753005A3954 /* white_glass_coffeetable.usdz */ = {isa = PBXFileReference; lastKnownFileType = file.usdz; path = white_glass_coffeetable.usdz; sourceTree = "<group>"; };
		6AB202F02937D754005A3954 /* chinese_tea_tableset.usdz */ = {isa = PBXFileReference; lastKnownFileType = file.usdz; path = chinese_tea_tableset.usdz; sourceTree = "<group>"; };
		6AB202F12937D755005A3954 /* vase.usdz */ = {isa = PBXFileReference; lastKnownFileType = file.usdz; path = vase.usdz; sourceTree = "<group>"; };
		6AB202F22937D756005A3954 /* grey_carpet.usdz */ = {isa = PBXFileReference; lastKnownFileType = file.usdz; path = grey_carpet.usdz; sourceTree = "<group>"; };
		6AB202F32937D75A005A3954 /* fluffy_carpet.usdz */ = {isa = PBXFileReference; lastKnownFileType = file.usdz; path = fluffy_carpet.usdz; sourceTree = "<group>"; };
		6AB202F42937D75B005A3954 /* classic_mirror.usdz */ = {isa = PBXFileReference; lastKnownFileType = file.usdz; path = classic_mirror.usdz; sourceTree = "<group>"; };
		6AB202F52937D75C005A3954 /* glass_table_set.usdz */ = {isa = PBXFileReference; lastKnownFileType = file.usdz; path = glass_table_set.usdz; sourceTree = "<group>"; };
		6AB202FF2937DD16005A3954 /* steelframe_shelve.usdz */ = {isa = PBXFileReference; lastKnownFileType = file.usdz; path = steelframe_shelve.usdz; sourceTree = "<group>"; };
		6AB203002937DD17005A3954 /* bed_with_lamp.usdz */ = {isa = PBXFileReference; lastKnownFileType = file.usdz; path = bed_with_lamp.usdz; sourceTree = "<group>"; };
		6AB203012937DD17005A3954 /* gaming_desk.usdz */ = {isa = PBXFileReference; lastKnownFileType = file.usdz; path = gaming_desk.usdz; sourceTree = "<group>"; };
		6AB203022937DD18005A3954 /* japanese_lamp.usdz */ = {isa = PBXFileReference; lastKnownFileType = file.usdz; path = japanese_lamp.usdz; sourceTree = "<group>"; };
		6AB203032937DD18005A3954 /* flowerpot.usdz */ = {isa = PBXFileReference; lastKnownFileType = file.usdz; path = flowerpot.usdz; sourceTree = "<group>"; };
		6AB203042937DD1A005A3954 /* striped_carpet.usdz */ = {isa = PBXFileReference; lastKnownFileType = file.usdz; path = striped_carpet.usdz; sourceTree = "<group>"; };
		6AB203052937DD1B005A3954 /* modern_bed.usdz */ = {isa = PBXFileReference; lastKnownFileType = file.usdz; path = modern_bed.usdz; sourceTree = "<group>"; };
		6AB203062937DD1C005A3954 /* painting.usdz */ = {isa = PBXFileReference; lastKnownFileType = file.usdz; path = painting.usdz; sourceTree = "<group>"; };
		6AB203072937DD1C005A3954 /* wooden_nightstand.usdz */ = {isa = PBXFileReference; lastKnownFileType = file.usdz; path = wooden_nightstand.usdz; sourceTree = "<group>"; };
		6AB203082937DD1D005A3954 /* old_painting.usdz */ = {isa = PBXFileReference; lastKnownFileType = file.usdz; path = old_painting.usdz; sourceTree = "<group>"; };
		6AB203092937DD20005A3954 /* sculpture.usdz */ = {isa = PBXFileReference; lastKnownFileType = file.usdz; path = sculpture.usdz; sourceTree = "<group>"; };
		6AE38A78292CC2A900F96075 /* FurnitureMenu.swift */ = {isa = PBXFileReference; fileEncoding = 4; lastKnownFileType = sourcecode.swift; path = FurnitureMenu.swift; sourceTree = "<group>"; };
/* End PBXFileReference section */

/* Begin PBXFrameworksBuildPhase section */
		6A4397A8292516810000D1B7 /* Frameworks */ = {
			isa = PBXFrameworksBuildPhase;
			buildActionMask = 2147483647;
			files = (
			);
			runOnlyForDeploymentPostprocessing = 0;
		};
		6A4397BA292516860000D1B7 /* Frameworks */ = {
			isa = PBXFrameworksBuildPhase;
			buildActionMask = 2147483647;
			files = (
			);
			runOnlyForDeploymentPostprocessing = 0;
		};
		6A4397C4292516860000D1B7 /* Frameworks */ = {
			isa = PBXFrameworksBuildPhase;
			buildActionMask = 2147483647;
			files = (
			);
			runOnlyForDeploymentPostprocessing = 0;
		};
/* End PBXFrameworksBuildPhase section */

/* Begin PBXGroup section */
		6A1AED5B292AB15B00CEC003 /* Views */ = {
			isa = PBXGroup;
			children = (
				6A279DF0292BD840000EA69D /* Listings.swift */,
				6A279DF8292E8738000EA69D /* FurnitureCollection.swift */,
				6A83F3AA293D248E00D1047E /* Map.swift */,
			);
			path = Views;
			sourceTree = "<group>";
		};
		6A279DF7292E86CA000EA69D /* CoreData */ = {
			isa = PBXGroup;
			children = (
				6A279DEB292BD824000EA69D /* Listing+CoreDataProperties.swift */,
				6A279DEC292BD824000EA69D /* Listing+CoreData.swift */,
				6A279DEA292BD824000EA69D /* Furniture+CoreDataProperties.swift */,
				6A279DFE292FC417000EA69D /* Furniture+CoreData.swift */,
			);
			path = CoreData;
			sourceTree = "<group>";
		};
		6A4397A2292516810000D1B7 = {
			isa = PBXGroup;
			children = (
				6A4397AD292516810000D1B7 /* DecAR */,
				6A4397C0292516860000D1B7 /* DecARTests */,
				6A4397CA292516860000D1B7 /* DecARUITests */,
				6A4397AC292516810000D1B7 /* Products */,
			);
			sourceTree = "<group>";
		};
		6A4397AC292516810000D1B7 /* Products */ = {
			isa = PBXGroup;
			children = (
				6A4397AB292516810000D1B7 /* DecAR.app */,
				6A4397BD292516860000D1B7 /* DecARTests.xctest */,
				6A4397C7292516860000D1B7 /* DecARUITests.xctest */,
			);
			name = Products;
			sourceTree = "<group>";
		};
		6A4397AD292516810000D1B7 /* DecAR */ = {
			isa = PBXGroup;
			children = (
				6A279DF7292E86CA000EA69D /* CoreData */,
				6A279DF4292BD878000EA69D /* DecAR.xcdatamodeld */,
				6A279DF2292BD867000EA69D /* Persistence.swift */,
				6A1AED5B292AB15B00CEC003 /* Views */,
				6A4397AE292516810000D1B7 /* AppDelegate.swift */,
				6A4397B0292516810000D1B7 /* ContentView.swift */,
				6A1CD86D29314C300084B6DD /* Localizable.strings */,
				6ADBC67829296C020031AF85 /* Models */,
				6A63C7D629254126009BE389 /* 3dModels */,
				6A4397B4292516860000D1B7 /* Assets.xcassets */,
				6A4397B6292516860000D1B7 /* Preview Content */,
			);
			path = DecAR;
			sourceTree = "<group>";
		};
		6A4397B6292516860000D1B7 /* Preview Content */ = {
			isa = PBXGroup;
			children = (
				6A4397B7292516860000D1B7 /* Preview Assets.xcassets */,
			);
			path = "Preview Content";
			sourceTree = "<group>";
		};
		6A4397C0292516860000D1B7 /* DecARTests */ = {
			isa = PBXGroup;
			children = (
				6A4397C1292516860000D1B7 /* DecARTests.swift */,
			);
			path = DecARTests;
			sourceTree = "<group>";
		};
		6A4397CA292516860000D1B7 /* DecARUITests */ = {
			isa = PBXGroup;
			children = (
				6A4397CB292516860000D1B7 /* DecARUITests.swift */,
				6A4397CD292516860000D1B7 /* DecARUITestsLaunchTests.swift */,
			);
			path = DecARUITests;
			sourceTree = "<group>";
		};
		6A63C7D629254126009BE389 /* 3dModels */ = {
			isa = PBXGroup;
			children = (
				6AB203052937DD1B005A3954 /* modern_bed.usdz */,
				6AB203002937DD17005A3954 /* bed_with_lamp.usdz */,
				6AB203082937DD1D005A3954 /* old_painting.usdz */,
				6AB203062937DD1C005A3954 /* painting.usdz */,
				6AB203022937DD18005A3954 /* japanese_lamp.usdz */,
				6AB203012937DD17005A3954 /* gaming_desk.usdz */,
				6AB203032937DD18005A3954 /* flowerpot.usdz */,
				6AB203092937DD20005A3954 /* sculpture.usdz */,
				6AB203072937DD1C005A3954 /* wooden_nightstand.usdz */,
				6AB202FF2937DD16005A3954 /* steelframe_shelve.usdz */,
				6AB203042937DD1A005A3954 /* striped_carpet.usdz */,
				6AB202F12937D755005A3954 /* vase.usdz */,
				6AB202F22937D756005A3954 /* grey_carpet.usdz */,
				6AB202F32937D75A005A3954 /* fluffy_carpet.usdz */,
				6AB202F02937D754005A3954 /* chinese_tea_tableset.usdz */,
				6AB202F42937D75B005A3954 /* classic_mirror.usdz */,
				6AB202ED2937D752005A3954 /* work_desk.usdz */,
				6AB202F52937D75C005A3954 /* glass_table_set.usdz */,
				6AB202EE2937D753005A3954 /* coffee_table.usdz */,
				6AB202EF2937D753005A3954 /* white_glass_coffeetable.usdz */,
				6AB202D22937D318005A3954 /* black_chair.usdz */,
				6AB202D12937D317005A3954 /* wooden_coffee_table.usdz */,
				6AB202D72937D31A005A3954 /* cover_chair.usdz */,
				6AB202DD2937D31F005A3954 /* eastern_carpet.usdz */,
				6AB202DB2937D31C005A3954 /* foyer_table.usdz */,
				6AB202DC2937D31E005A3954 /* house_plant.usdz */,
				6AB202D82937D31B005A3954 /* vintage_desk_lamp.usdz */,
				6AB202CF2937D316005A3954 /* wooden_wardrobe.usdz */,
				6AB202D52937D31A005A3954 /* egg_chair.usdz */,
				6AB202D02937D317005A3954 /* modern_tv_stand.usdz */,
				6AB202D92937D31B005A3954 /* poliform_bed.usdz */,
				6AB202DA2937D31C005A3954 /* pool_table.usdz */,
				6AB202D32937D319005A3954 /* simple_chair.usdz */,
				6AB202D62937D31A005A3954 /* table_set.usdz */,
				6AB202D42937D319005A3954 /* wall_television.usdz */,
				6AB202CD2937D2B5005A3954 /* art_desk.usdz */,
				6AB202CB2937CDC4005A3954 /* wooden_table.usdz */,
				6AB202C92937CDB7005A3954 /* wooden_bookshelf.usdz */,
				6AB202C72937CD9F005A3954 /* piano_black.usdz */,
				6AB202C32937CD7E005A3954 /* tv_and_stand.usdz */,
				6AB202C12937CD67005A3954 /* divan_sofa.usdz */,
				6AB202BF2937CD56005A3954 /* brownleather_couch.usdz */,
				6AB202BB2937CD2B005A3954 /* wooden_bed.usdz */,
				6AB202B92937CC0A005A3954 /* bed.usdz */,
				6AB202B72937CA08005A3954 /* bunk_bed.usdz */,
				6AB202B52937C9EB005A3954 /* office_chair.usdz */,
				6AB202B32937C9D3005A3954 /* grey_sofa.usdz */,
				6AB202B12937C9BD005A3954 /* armchair.usdz */,
				6AB202AF2937C7EF005A3954 /* chesterfield-sofa.usdz */,
				6AA58C432936186D00304FD9 /* brown_couch.usdz */,
				6AA58C442936186D00304FD9 /* stool.usdz */,
				6A63C7D9292541EB009BE389 /* chair_swan.usdz */,
			);
			path = 3dModels;
			sourceTree = "<group>";
		};
		6ADBC67829296C020031AF85 /* Models */ = {
			isa = PBXGroup;
			children = (
				6AE38A78292CC2A900F96075 /* FurnitureMenu.swift */,
				6AA58C3F2928E39100304FD9 /* Menu.swift */,
				6AA58C41292E530B00304FD9 /* Settings.swift */,
			);
			path = Models;
			sourceTree = "<group>";
		};
/* End PBXGroup section */

/* Begin PBXNativeTarget section */
		6A4397AA292516810000D1B7 /* DecAR */ = {
			isa = PBXNativeTarget;
			buildConfigurationList = 6A4397D1292516860000D1B7 /* Build configuration list for PBXNativeTarget "DecAR" */;
			buildPhases = (
				6A4397A7292516810000D1B7 /* Sources */,
				6A4397A8292516810000D1B7 /* Frameworks */,
				6A4397A9292516810000D1B7 /* Resources */,
			);
			buildRules = (
			);
			dependencies = (
			);
			name = DecAR;
			productName = DecAR;
			productReference = 6A4397AB292516810000D1B7 /* DecAR.app */;
			productType = "com.apple.product-type.application";
		};
		6A4397BC292516860000D1B7 /* DecARTests */ = {
			isa = PBXNativeTarget;
			buildConfigurationList = 6A4397D4292516860000D1B7 /* Build configuration list for PBXNativeTarget "DecARTests" */;
			buildPhases = (
				6A4397B9292516860000D1B7 /* Sources */,
				6A4397BA292516860000D1B7 /* Frameworks */,
				6A4397BB292516860000D1B7 /* Resources */,
			);
			buildRules = (
			);
			dependencies = (
				6A4397BF292516860000D1B7 /* PBXTargetDependency */,
			);
			name = DecARTests;
			productName = DecARTests;
			productReference = 6A4397BD292516860000D1B7 /* DecARTests.xctest */;
			productType = "com.apple.product-type.bundle.unit-test";
		};
		6A4397C6292516860000D1B7 /* DecARUITests */ = {
			isa = PBXNativeTarget;
			buildConfigurationList = 6A4397D7292516860000D1B7 /* Build configuration list for PBXNativeTarget "DecARUITests" */;
			buildPhases = (
				6A4397C3292516860000D1B7 /* Sources */,
				6A4397C4292516860000D1B7 /* Frameworks */,
				6A4397C5292516860000D1B7 /* Resources */,
			);
			buildRules = (
			);
			dependencies = (
				6A4397C9292516860000D1B7 /* PBXTargetDependency */,
			);
			name = DecARUITests;
			productName = DecARUITests;
			productReference = 6A4397C7292516860000D1B7 /* DecARUITests.xctest */;
			productType = "com.apple.product-type.bundle.ui-testing";
		};
/* End PBXNativeTarget section */

/* Begin PBXProject section */
		6A4397A3292516810000D1B7 /* Project object */ = {
			isa = PBXProject;
			attributes = {
				BuildIndependentTargetsInParallel = 1;
				LastSwiftUpdateCheck = 1400;
				LastUpgradeCheck = 1400;
				TargetAttributes = {
					6A4397AA292516810000D1B7 = {
						CreatedOnToolsVersion = 14.0.1;
					};
					6A4397BC292516860000D1B7 = {
						CreatedOnToolsVersion = 14.0.1;
						TestTargetID = 6A4397AA292516810000D1B7;
					};
					6A4397C6292516860000D1B7 = {
						CreatedOnToolsVersion = 14.0.1;
						TestTargetID = 6A4397AA292516810000D1B7;
					};
				};
			};
			buildConfigurationList = 6A4397A6292516810000D1B7 /* Build configuration list for PBXProject "DecAR" */;
			compatibilityVersion = "Xcode 14.0";
			developmentRegion = en;
			hasScannedForEncodings = 0;
			knownRegions = (
				en,
				Base,
				fi,
			);
			mainGroup = 6A4397A2292516810000D1B7;
			productRefGroup = 6A4397AC292516810000D1B7 /* Products */;
			projectDirPath = "";
			projectRoot = "";
			targets = (
				6A4397AA292516810000D1B7 /* DecAR */,
				6A4397BC292516860000D1B7 /* DecARTests */,
				6A4397C6292516860000D1B7 /* DecARUITests */,
			);
		};
/* End PBXProject section */

/* Begin PBXResourcesBuildPhase section */
		6A4397A9292516810000D1B7 /* Resources */ = {
			isa = PBXResourcesBuildPhase;
			buildActionMask = 2147483647;
			files = (
				6AB202E92937D31F005A3954 /* pool_table.usdz in Resources */,
				6A63C7DA292541EB009BE389 /* chair_swan.usdz in Resources */,
				6AB203122937DD20005A3954 /* wooden_nightstand.usdz in Resources */,
				6AB202DF2937D31F005A3954 /* modern_tv_stand.usdz in Resources */,
				6AB202E02937D31F005A3954 /* wooden_coffee_table.usdz in Resources */,
				6AB202E32937D31F005A3954 /* wall_television.usdz in Resources */,
				6AB202F62937D75C005A3954 /* work_desk.usdz in Resources */,
				6AB2030F2937DD20005A3954 /* striped_carpet.usdz in Resources */,
				6AB202EC2937D31F005A3954 /* eastern_carpet.usdz in Resources */,
				6AB202F92937D75C005A3954 /* chinese_tea_tableset.usdz in Resources */,
				6A1CD86B29314C300084B6DD /* Localizable.strings in Resources */,
				6AB202F82937D75C005A3954 /* white_glass_coffeetable.usdz in Resources */,
				6AB202B62937C9EB005A3954 /* office_chair.usdz in Resources */,
				6AB202FB2937D75C005A3954 /* grey_carpet.usdz in Resources */,
				6AB202EA2937D31F005A3954 /* foyer_table.usdz in Resources */,
				6AB203112937DD20005A3954 /* painting.usdz in Resources */,
				6AB202CC2937CDC4005A3954 /* wooden_table.usdz in Resources */,
				6AB202E72937D31F005A3954 /* vintage_desk_lamp.usdz in Resources */,
				6AB202BA2937CC0A005A3954 /* bed.usdz in Resources */,
				6AB202FE2937D75C005A3954 /* glass_table_set.usdz in Resources */,
				6AA58C462936186E00304FD9 /* stool.usdz in Resources */,
				6AB202DE2937D31F005A3954 /* wooden_wardrobe.usdz in Resources */,
				6AB202B42937C9D3005A3954 /* grey_sofa.usdz in Resources */,
				6AB202C82937CD9F005A3954 /* piano_black.usdz in Resources */,
				6AB2030B2937DD20005A3954 /* bed_with_lamp.usdz in Resources */,
				6AB2030D2937DD20005A3954 /* japanese_lamp.usdz in Resources */,
				6AB202B22937C9BD005A3954 /* armchair.usdz in Resources */,
				6AB202C42937CD7E005A3954 /* tv_and_stand.usdz in Resources */,
				6AB2030A2937DD20005A3954 /* steelframe_shelve.usdz in Resources */,
				6AB202C02937CD56005A3954 /* brownleather_couch.usdz in Resources */,
				6A4397B8292516860000D1B7 /* Preview Assets.xcassets in Resources */,
				6AB202E52937D31F005A3954 /* table_set.usdz in Resources */,
				6AB202B82937CA08005A3954 /* bunk_bed.usdz in Resources */,
				6AB203102937DD20005A3954 /* modern_bed.usdz in Resources */,
				6AB202E42937D31F005A3954 /* egg_chair.usdz in Resources */,
				6AB202FA2937D75C005A3954 /* vase.usdz in Resources */,
				6AB202E82937D31F005A3954 /* poliform_bed.usdz in Resources */,
				6AB203142937DD20005A3954 /* sculpture.usdz in Resources */,
				6A4397B5292516860000D1B7 /* Assets.xcassets in Resources */,
				6AB202B02937C7EF005A3954 /* chesterfield-sofa.usdz in Resources */,
				6AB202EB2937D31F005A3954 /* house_plant.usdz in Resources */,
				6AB202CA2937CDB7005A3954 /* wooden_bookshelf.usdz in Resources */,
				6AB203132937DD20005A3954 /* old_painting.usdz in Resources */,
				6AB202E62937D31F005A3954 /* cover_chair.usdz in Resources */,
				6AB2030E2937DD20005A3954 /* flowerpot.usdz in Resources */,
				6AB202E12937D31F005A3954 /* black_chair.usdz in Resources */,
				6AB202C22937CD68005A3954 /* divan_sofa.usdz in Resources */,
				6AB202E22937D31F005A3954 /* simple_chair.usdz in Resources */,
				6AB202FC2937D75C005A3954 /* fluffy_carpet.usdz in Resources */,
				6AB202F72937D75C005A3954 /* coffee_table.usdz in Resources */,
				6AB202FD2937D75C005A3954 /* classic_mirror.usdz in Resources */,
				6AB202CE2937D2B5005A3954 /* art_desk.usdz in Resources */,
				6AA58C452936186E00304FD9 /* brown_couch.usdz in Resources */,
				6AB2030C2937DD20005A3954 /* gaming_desk.usdz in Resources */,
				6AB202BC2937CD2B005A3954 /* wooden_bed.usdz in Resources */,
			);
			runOnlyForDeploymentPostprocessing = 0;
		};
		6A4397BB292516860000D1B7 /* Resources */ = {
			isa = PBXResourcesBuildPhase;
			buildActionMask = 2147483647;
			files = (
			);
			runOnlyForDeploymentPostprocessing = 0;
		};
		6A4397C5292516860000D1B7 /* Resources */ = {
			isa = PBXResourcesBuildPhase;
			buildActionMask = 2147483647;
			files = (
			);
			runOnlyForDeploymentPostprocessing = 0;
		};
/* End PBXResourcesBuildPhase section */

/* Begin PBXSourcesBuildPhase section */
		6A4397A7292516810000D1B7 /* Sources */ = {
			isa = PBXSourcesBuildPhase;
			buildActionMask = 2147483647;
			files = (
				6A279DFF292FC417000EA69D /* Furniture+CoreData.swift in Sources */,
				6A83F3AB293D248E00D1047E /* Map.swift in Sources */,
				6A4397B1292516810000D1B7 /* ContentView.swift in Sources */,
				6A279DF1292BD840000EA69D /* Listings.swift in Sources */,
				6AA58C42292E530B00304FD9 /* Settings.swift in Sources */,
				6A279DEF292BD824000EA69D /* Listing+CoreData.swift in Sources */,
				6A279DF9292E8738000EA69D /* FurnitureCollection.swift in Sources */,
				6AA58C402928E39100304FD9 /* Menu.swift in Sources */,
				6A279DED292BD824000EA69D /* Furniture+CoreDataProperties.swift in Sources */,
				6AE38A79292CC2A900F96075 /* FurnitureMenu.swift in Sources */,
				6A279DEE292BD824000EA69D /* Listing+CoreDataProperties.swift in Sources */,
				6A4397AF292516810000D1B7 /* AppDelegate.swift in Sources */,
				6A279DF6292BD878000EA69D /* DecAR.xcdatamodeld in Sources */,
				6A279DF3292BD867000EA69D /* Persistence.swift in Sources */,
			);
			runOnlyForDeploymentPostprocessing = 0;
		};
		6A4397B9292516860000D1B7 /* Sources */ = {
			isa = PBXSourcesBuildPhase;
			buildActionMask = 2147483647;
			files = (
				6A4397C2292516860000D1B7 /* DecARTests.swift in Sources */,
			);
			runOnlyForDeploymentPostprocessing = 0;
		};
		6A4397C3292516860000D1B7 /* Sources */ = {
			isa = PBXSourcesBuildPhase;
			buildActionMask = 2147483647;
			files = (
				6A4397CE292516860000D1B7 /* DecARUITestsLaunchTests.swift in Sources */,
				6A4397CC292516860000D1B7 /* DecARUITests.swift in Sources */,
			);
			runOnlyForDeploymentPostprocessing = 0;
		};
/* End PBXSourcesBuildPhase section */

/* Begin PBXTargetDependency section */
		6A4397BF292516860000D1B7 /* PBXTargetDependency */ = {
			isa = PBXTargetDependency;
			target = 6A4397AA292516810000D1B7 /* DecAR */;
			targetProxy = 6A4397BE292516860000D1B7 /* PBXContainerItemProxy */;
		};
		6A4397C9292516860000D1B7 /* PBXTargetDependency */ = {
			isa = PBXTargetDependency;
			target = 6A4397AA292516810000D1B7 /* DecAR */;
			targetProxy = 6A4397C8292516860000D1B7 /* PBXContainerItemProxy */;
		};
/* End PBXTargetDependency section */

/* Begin PBXVariantGroup section */
		6A1CD86D29314C300084B6DD /* Localizable.strings */ = {
			isa = PBXVariantGroup;
			children = (
				6A1CD86C29314C300084B6DD /* en */,
				6A1CD86E29314D720084B6DD /* fi */,
			);
			name = Localizable.strings;
			sourceTree = "<group>";
		};
/* End PBXVariantGroup section */

/* Begin XCBuildConfiguration section */
		6A4397CF292516860000D1B7 /* Debug */ = {
			isa = XCBuildConfiguration;
			buildSettings = {
				ALWAYS_SEARCH_USER_PATHS = NO;
				CLANG_ANALYZER_LOCALIZABILITY_NONLOCALIZED = YES;
				CLANG_ANALYZER_NONNULL = YES;
				CLANG_ANALYZER_NUMBER_OBJECT_CONVERSION = YES_AGGRESSIVE;
				CLANG_CXX_LANGUAGE_STANDARD = "gnu++20";
				CLANG_ENABLE_MODULES = YES;
				CLANG_ENABLE_OBJC_ARC = YES;
				CLANG_ENABLE_OBJC_WEAK = YES;
				CLANG_WARN_BLOCK_CAPTURE_AUTORELEASING = YES;
				CLANG_WARN_BOOL_CONVERSION = YES;
				CLANG_WARN_COMMA = YES;
				CLANG_WARN_CONSTANT_CONVERSION = YES;
				CLANG_WARN_DEPRECATED_OBJC_IMPLEMENTATIONS = YES;
				CLANG_WARN_DIRECT_OBJC_ISA_USAGE = YES_ERROR;
				CLANG_WARN_DOCUMENTATION_COMMENTS = YES;
				CLANG_WARN_EMPTY_BODY = YES;
				CLANG_WARN_ENUM_CONVERSION = YES;
				CLANG_WARN_INFINITE_RECURSION = YES;
				CLANG_WARN_INT_CONVERSION = YES;
				CLANG_WARN_NON_LITERAL_NULL_CONVERSION = YES;
				CLANG_WARN_OBJC_IMPLICIT_RETAIN_SELF = YES;
				CLANG_WARN_OBJC_LITERAL_CONVERSION = YES;
				CLANG_WARN_OBJC_ROOT_CLASS = YES_ERROR;
				CLANG_WARN_QUOTED_INCLUDE_IN_FRAMEWORK_HEADER = YES;
				CLANG_WARN_RANGE_LOOP_ANALYSIS = YES;
				CLANG_WARN_STRICT_PROTOTYPES = YES;
				CLANG_WARN_SUSPICIOUS_MOVE = YES;
				CLANG_WARN_UNGUARDED_AVAILABILITY = YES_AGGRESSIVE;
				CLANG_WARN_UNREACHABLE_CODE = YES;
				CLANG_WARN__DUPLICATE_METHOD_MATCH = YES;
				COPY_PHASE_STRIP = NO;
				DEBUG_INFORMATION_FORMAT = dwarf;
				ENABLE_STRICT_OBJC_MSGSEND = YES;
				ENABLE_TESTABILITY = YES;
				GCC_C_LANGUAGE_STANDARD = gnu11;
				GCC_DYNAMIC_NO_PIC = NO;
				GCC_NO_COMMON_BLOCKS = YES;
				GCC_OPTIMIZATION_LEVEL = 0;
				GCC_PREPROCESSOR_DEFINITIONS = (
					"DEBUG=1",
					"$(inherited)",
				);
				GCC_WARN_64_TO_32_BIT_CONVERSION = YES;
				GCC_WARN_ABOUT_RETURN_TYPE = YES_ERROR;
				GCC_WARN_UNDECLARED_SELECTOR = YES;
				GCC_WARN_UNINITIALIZED_AUTOS = YES_AGGRESSIVE;
				GCC_WARN_UNUSED_FUNCTION = YES;
				GCC_WARN_UNUSED_VARIABLE = YES;
				IPHONEOS_DEPLOYMENT_TARGET = 15.5;
				MTL_ENABLE_DEBUG_INFO = INCLUDE_SOURCE;
				MTL_FAST_MATH = YES;
				ONLY_ACTIVE_ARCH = YES;
				SDKROOT = iphoneos;
				SWIFT_ACTIVE_COMPILATION_CONDITIONS = DEBUG;
				SWIFT_OPTIMIZATION_LEVEL = "-Onone";
			};
			name = Debug;
		};
		6A4397D0292516860000D1B7 /* Release */ = {
			isa = XCBuildConfiguration;
			buildSettings = {
				ALWAYS_SEARCH_USER_PATHS = NO;
				CLANG_ANALYZER_LOCALIZABILITY_NONLOCALIZED = YES;
				CLANG_ANALYZER_NONNULL = YES;
				CLANG_ANALYZER_NUMBER_OBJECT_CONVERSION = YES_AGGRESSIVE;
				CLANG_CXX_LANGUAGE_STANDARD = "gnu++20";
				CLANG_ENABLE_MODULES = YES;
				CLANG_ENABLE_OBJC_ARC = YES;
				CLANG_ENABLE_OBJC_WEAK = YES;
				CLANG_WARN_BLOCK_CAPTURE_AUTORELEASING = YES;
				CLANG_WARN_BOOL_CONVERSION = YES;
				CLANG_WARN_COMMA = YES;
				CLANG_WARN_CONSTANT_CONVERSION = YES;
				CLANG_WARN_DEPRECATED_OBJC_IMPLEMENTATIONS = YES;
				CLANG_WARN_DIRECT_OBJC_ISA_USAGE = YES_ERROR;
				CLANG_WARN_DOCUMENTATION_COMMENTS = YES;
				CLANG_WARN_EMPTY_BODY = YES;
				CLANG_WARN_ENUM_CONVERSION = YES;
				CLANG_WARN_INFINITE_RECURSION = YES;
				CLANG_WARN_INT_CONVERSION = YES;
				CLANG_WARN_NON_LITERAL_NULL_CONVERSION = YES;
				CLANG_WARN_OBJC_IMPLICIT_RETAIN_SELF = YES;
				CLANG_WARN_OBJC_LITERAL_CONVERSION = YES;
				CLANG_WARN_OBJC_ROOT_CLASS = YES_ERROR;
				CLANG_WARN_QUOTED_INCLUDE_IN_FRAMEWORK_HEADER = YES;
				CLANG_WARN_RANGE_LOOP_ANALYSIS = YES;
				CLANG_WARN_STRICT_PROTOTYPES = YES;
				CLANG_WARN_SUSPICIOUS_MOVE = YES;
				CLANG_WARN_UNGUARDED_AVAILABILITY = YES_AGGRESSIVE;
				CLANG_WARN_UNREACHABLE_CODE = YES;
				CLANG_WARN__DUPLICATE_METHOD_MATCH = YES;
				COPY_PHASE_STRIP = NO;
				DEBUG_INFORMATION_FORMAT = "dwarf-with-dsym";
				ENABLE_NS_ASSERTIONS = NO;
				ENABLE_STRICT_OBJC_MSGSEND = YES;
				GCC_C_LANGUAGE_STANDARD = gnu11;
				GCC_NO_COMMON_BLOCKS = YES;
				GCC_WARN_64_TO_32_BIT_CONVERSION = YES;
				GCC_WARN_ABOUT_RETURN_TYPE = YES_ERROR;
				GCC_WARN_UNDECLARED_SELECTOR = YES;
				GCC_WARN_UNINITIALIZED_AUTOS = YES_AGGRESSIVE;
				GCC_WARN_UNUSED_FUNCTION = YES;
				GCC_WARN_UNUSED_VARIABLE = YES;
				IPHONEOS_DEPLOYMENT_TARGET = 15.5;
				MTL_ENABLE_DEBUG_INFO = NO;
				MTL_FAST_MATH = YES;
				SDKROOT = iphoneos;
				SWIFT_COMPILATION_MODE = wholemodule;
				SWIFT_OPTIMIZATION_LEVEL = "-O";
				VALIDATE_PRODUCT = YES;
			};
			name = Release;
		};
		6A4397D2292516860000D1B7 /* Debug */ = {
			isa = XCBuildConfiguration;
			buildSettings = {
				ASSETCATALOG_COMPILER_APPICON_NAME = AppIcon;
				ASSETCATALOG_COMPILER_GLOBAL_ACCENT_COLOR_NAME = AccentColor;
				CODE_SIGN_STYLE = Automatic;
				CURRENT_PROJECT_VERSION = 1;
				DEVELOPMENT_ASSET_PATHS = "\"DecAR/Preview Content\"";
				DEVELOPMENT_TEAM = 52C5PE8N74;
				ENABLE_PREVIEWS = YES;
				GENERATE_INFOPLIST_FILE = YES;
				INFOPLIST_KEY_NSCameraUsageDescription = "";
				INFOPLIST_KEY_UIApplicationSupportsIndirectInputEvents = YES;
				INFOPLIST_KEY_UILaunchScreen_Generation = YES;
				INFOPLIST_KEY_UIRequiredDeviceCapabilities = arkit;
				INFOPLIST_KEY_UIStatusBarHidden = YES;
				INFOPLIST_KEY_UISupportedInterfaceOrientations_iPad = "UIInterfaceOrientationPortrait UIInterfaceOrientationPortraitUpsideDown UIInterfaceOrientationLandscapeLeft UIInterfaceOrientationLandscapeRight";
				INFOPLIST_KEY_UISupportedInterfaceOrientations_iPhone = "UIInterfaceOrientationPortrait UIInterfaceOrientationLandscapeLeft UIInterfaceOrientationLandscapeRight";
				IPHONEOS_DEPLOYMENT_TARGET = 15.5;
				LD_RUNPATH_SEARCH_PATHS = (
					"$(inherited)",
					"@executable_path/Frameworks",
				);
				MARKETING_VERSION = 1.0;
				PRODUCT_BUNDLE_IDENTIFIER = a.Metropolia.DecAR.1;
				PRODUCT_NAME = "$(TARGET_NAME)";
				SWIFT_EMIT_LOC_STRINGS = YES;
				SWIFT_VERSION = 5.0;
				TARGETED_DEVICE_FAMILY = "1,2";
			};
			name = Debug;
		};
		6A4397D3292516860000D1B7 /* Release */ = {
			isa = XCBuildConfiguration;
			buildSettings = {
				ASSETCATALOG_COMPILER_APPICON_NAME = AppIcon;
				ASSETCATALOG_COMPILER_GLOBAL_ACCENT_COLOR_NAME = AccentColor;
				CODE_SIGN_STYLE = Automatic;
				CURRENT_PROJECT_VERSION = 1;
				DEVELOPMENT_ASSET_PATHS = "\"DecAR/Preview Content\"";
				DEVELOPMENT_TEAM = 52C5PE8N74;
				ENABLE_PREVIEWS = YES;
				GENERATE_INFOPLIST_FILE = YES;
				INFOPLIST_KEY_NSCameraUsageDescription = "";
				INFOPLIST_KEY_UIApplicationSupportsIndirectInputEvents = YES;
				INFOPLIST_KEY_UILaunchScreen_Generation = YES;
				INFOPLIST_KEY_UIRequiredDeviceCapabilities = arkit;
				INFOPLIST_KEY_UIStatusBarHidden = YES;
				INFOPLIST_KEY_UISupportedInterfaceOrientations_iPad = "UIInterfaceOrientationPortrait UIInterfaceOrientationPortraitUpsideDown UIInterfaceOrientationLandscapeLeft UIInterfaceOrientationLandscapeRight";
				INFOPLIST_KEY_UISupportedInterfaceOrientations_iPhone = "UIInterfaceOrientationPortrait UIInterfaceOrientationLandscapeLeft UIInterfaceOrientationLandscapeRight";
				IPHONEOS_DEPLOYMENT_TARGET = 15.5;
				LD_RUNPATH_SEARCH_PATHS = (
					"$(inherited)",
					"@executable_path/Frameworks",
				);
				MARKETING_VERSION = 1.0;
				PRODUCT_BUNDLE_IDENTIFIER = a.Metropolia.DecAR.1;
				PRODUCT_NAME = "$(TARGET_NAME)";
				SWIFT_EMIT_LOC_STRINGS = YES;
				SWIFT_VERSION = 5.0;
				TARGETED_DEVICE_FAMILY = "1,2";
			};
			name = Release;
		};
		6A4397D5292516860000D1B7 /* Debug */ = {
			isa = XCBuildConfiguration;
			buildSettings = {
				ALWAYS_EMBED_SWIFT_STANDARD_LIBRARIES = YES;
				BUNDLE_LOADER = "$(TEST_HOST)";
				CODE_SIGN_STYLE = Automatic;
				CURRENT_PROJECT_VERSION = 1;
				GENERATE_INFOPLIST_FILE = YES;
				IPHONEOS_DEPLOYMENT_TARGET = 16.0;
				MARKETING_VERSION = 1.0;
				PRODUCT_BUNDLE_IDENTIFIER = Metropolia.DecARTests;
				PRODUCT_NAME = "$(TARGET_NAME)";
				SWIFT_EMIT_LOC_STRINGS = NO;
				SWIFT_VERSION = 5.0;
				TARGETED_DEVICE_FAMILY = "1,2";
				TEST_HOST = "$(BUILT_PRODUCTS_DIR)/DecAR.app/$(BUNDLE_EXECUTABLE_FOLDER_PATH)/DecAR";
			};
			name = Debug;
		};
		6A4397D6292516860000D1B7 /* Release */ = {
			isa = XCBuildConfiguration;
			buildSettings = {
				ALWAYS_EMBED_SWIFT_STANDARD_LIBRARIES = YES;
				BUNDLE_LOADER = "$(TEST_HOST)";
				CODE_SIGN_STYLE = Automatic;
				CURRENT_PROJECT_VERSION = 1;
				GENERATE_INFOPLIST_FILE = YES;
				IPHONEOS_DEPLOYMENT_TARGET = 16.0;
				MARKETING_VERSION = 1.0;
				PRODUCT_BUNDLE_IDENTIFIER = Metropolia.DecARTests;
				PRODUCT_NAME = "$(TARGET_NAME)";
				SWIFT_EMIT_LOC_STRINGS = NO;
				SWIFT_VERSION = 5.0;
				TARGETED_DEVICE_FAMILY = "1,2";
				TEST_HOST = "$(BUILT_PRODUCTS_DIR)/DecAR.app/$(BUNDLE_EXECUTABLE_FOLDER_PATH)/DecAR";
			};
			name = Release;
		};
		6A4397D8292516860000D1B7 /* Debug */ = {
			isa = XCBuildConfiguration;
			buildSettings = {
				ALWAYS_EMBED_SWIFT_STANDARD_LIBRARIES = YES;
				CODE_SIGN_STYLE = Automatic;
				CURRENT_PROJECT_VERSION = 1;
				GENERATE_INFOPLIST_FILE = YES;
				MARKETING_VERSION = 1.0;
				PRODUCT_BUNDLE_IDENTIFIER = Metropolia.DecARUITests;
				PRODUCT_NAME = "$(TARGET_NAME)";
				SWIFT_EMIT_LOC_STRINGS = NO;
				SWIFT_VERSION = 5.0;
				TARGETED_DEVICE_FAMILY = "1,2";
				TEST_TARGET_NAME = DecAR;
			};
			name = Debug;
		};
		6A4397D9292516860000D1B7 /* Release */ = {
			isa = XCBuildConfiguration;
			buildSettings = {
				ALWAYS_EMBED_SWIFT_STANDARD_LIBRARIES = YES;
				CODE_SIGN_STYLE = Automatic;
				CURRENT_PROJECT_VERSION = 1;
				GENERATE_INFOPLIST_FILE = YES;
				MARKETING_VERSION = 1.0;
				PRODUCT_BUNDLE_IDENTIFIER = Metropolia.DecARUITests;
				PRODUCT_NAME = "$(TARGET_NAME)";
				SWIFT_EMIT_LOC_STRINGS = NO;
				SWIFT_VERSION = 5.0;
				TARGETED_DEVICE_FAMILY = "1,2";
				TEST_TARGET_NAME = DecAR;
			};
			name = Release;
		};
/* End XCBuildConfiguration section */

/* Begin XCConfigurationList section */
		6A4397A6292516810000D1B7 /* Build configuration list for PBXProject "DecAR" */ = {
			isa = XCConfigurationList;
			buildConfigurations = (
				6A4397CF292516860000D1B7 /* Debug */,
				6A4397D0292516860000D1B7 /* Release */,
			);
			defaultConfigurationIsVisible = 0;
			defaultConfigurationName = Release;
		};
		6A4397D1292516860000D1B7 /* Build configuration list for PBXNativeTarget "DecAR" */ = {
			isa = XCConfigurationList;
			buildConfigurations = (
				6A4397D2292516860000D1B7 /* Debug */,
				6A4397D3292516860000D1B7 /* Release */,
			);
			defaultConfigurationIsVisible = 0;
			defaultConfigurationName = Release;
		};
		6A4397D4292516860000D1B7 /* Build configuration list for PBXNativeTarget "DecARTests" */ = {
			isa = XCConfigurationList;
			buildConfigurations = (
				6A4397D5292516860000D1B7 /* Debug */,
				6A4397D6292516860000D1B7 /* Release */,
			);
			defaultConfigurationIsVisible = 0;
			defaultConfigurationName = Release;
		};
		6A4397D7292516860000D1B7 /* Build configuration list for PBXNativeTarget "DecARUITests" */ = {
			isa = XCConfigurationList;
			buildConfigurations = (
				6A4397D8292516860000D1B7 /* Debug */,
				6A4397D9292516860000D1B7 /* Release */,
			);
			defaultConfigurationIsVisible = 0;
			defaultConfigurationName = Release;
		};
/* End XCConfigurationList section */

/* Begin XCVersionGroup section */
		6A279DF4292BD878000EA69D /* DecAR.xcdatamodeld */ = {
			isa = XCVersionGroup;
			children = (
				6A279DF5292BD878000EA69D /* DecAR.xcdatamodel */,
			);
			currentVersion = 6A279DF5292BD878000EA69D /* DecAR.xcdatamodel */;
			path = DecAR.xcdatamodeld;
			sourceTree = "<group>";
			versionGroupType = wrapper.xcdatamodel;
		};
/* End XCVersionGroup section */
	};
	rootObject = 6A4397A3292516810000D1B7 /* Project object */;
}
